
Microsoft Visual Studio Solution File, Format Version 12.00
# Visual Studio 15
VisualStudioVersion = 15.0.26430.16
MinimumVisualStudioVersion = 10.0.40219.1
Project("{FAE04EC0-301F-11D3-BF4B-00C04F79EFBC}") = "CountWorkingDays", "CountWorkingDays\CountWorkingDays.csproj", "{B21AF16C-1D63-4107-B38E-1318B40E3A5C}"
EndProject
Project("{FAE04EC0-301F-11D3-BF4B-00C04F79EFBC}") = "AdvertisementMessage", "AdvertisementMessage\AdvertisementMessage.csproj", "{A35BF9D4-8308-49CC-9A0B-3AB10A33B040}"
EndProject
Project("{FAE04EC0-301F-11D3-BF4B-00C04F79EFBC}") = "CirclesIntersection", "CirclesIntersection\CirclesIntersection.csproj", "{97693607-4324-419D-B698-4D721FB53356}"
EndProject
Project("{FAE04EC0-301F-11D3-BF4B-00C04F79EFBC}") = "AverageGrades", "AverageGrades\AverageGrades.csproj", "{04A8D827-A372-4647-8F3E-81BA8B24E029}"
EndProject
Project("{FAE04EC0-301F-11D3-BF4B-00C04F79EFBC}") = "BookLibrary", "BookLibrary\BookLibrary.csproj", "{33A91265-2C7C-4872-B716-9C5ED188BA04}"
EndProject
Project("{FAE04EC0-301F-11D3-BF4B-00C04F79EFBC}") = "BookLibraryModification", "BookLibraryModification\BookLibraryModification.csproj", "{DF163C05-67FD-495C-93DC-04C4FC426ADF}"
EndProject
Project("{FAE04EC0-301F-11D3-BF4B-00C04F79EFBC}") = "AndreyAndBilliard", "AndreyAndBilliard\AndreyAndBilliard.csproj", "{D88EA4C4-FCC0-4631-9284-EA0C371D3A2B}"
EndProject
Project("{FAE04EC0-301F-11D3-BF4B-00C04F79EFBC}") = "MentorGroup", "MentorGroup\MentorGroup.csproj", "{000B9491-0317-474B-BC2D-A05D3F342BF8}"
EndProject
Project("{FAE04EC0-301F-11D3-BF4B-00C04F79EFBC}") = "TeamworkProjects", "TeamworkProjects\TeamworkProjects.csproj", "{3BFA06B7-503A-4801-A543-A4322EA0E600}"
EndProject
Project("{FAE04EC0-301F-11D3-BF4B-00C04F79EFBC}") = "StudentGroups", "StudentGroups\StudentGroups.csproj", "{02CD5606-F4ED-4425-9163-E5569506720D}"
EndProject
Project("{FAE04EC0-301F-11D3-BF4B-00C04F79EFBC}") = "DayOfWeek", "DayOfWeek\DayOfWeek.csproj", "{C17990DC-FC60-4B3D-A51E-8BD3B02F4654}"
EndProject
Project("{FAE04EC0-301F-11D3-BF4B-00C04F79EFBC}") = "RandomizeWords", "RandomizeWords\RandomizeWords.csproj", "{19C3E2BC-8A3C-472A-ACDA-2A6AFA325D34}"
EndProject
Project("{FAE04EC0-301F-11D3-BF4B-00C04F79EFBC}") = "BigFactorial", "BigFactorial\BigFactorial.csproj", "{9140A07F-4A66-43CA-9C2F-4787F749753C}"
EndProject
Project("{FAE04EC0-301F-11D3-BF4B-00C04F79EFBC}") = "DistanceBetweenPoints", "DistanceBetweenPoints\DistanceBetweenPoints.csproj", "{FD870A43-33A1-4501-BEB3-F2139EA8FFB7}"
EndProject
Project("{FAE04EC0-301F-11D3-BF4B-00C04F79EFBC}") = "ClosestTwoPoints", "ClosestTwoPoints\ClosestTwoPoints.csproj", "{EDEC308E-26E4-44CB-9095-4B3E4910F95E}"
EndProject
Project("{FAE04EC0-301F-11D3-BF4B-00C04F79EFBC}") = "RectangleArea", "RectanglePosition\RectangleArea.csproj", "{5E017F76-7427-4417-AC1D-E8A5137DFE08}"
EndProject
Project("{FAE04EC0-301F-11D3-BF4B-00C04F79EFBC}") = "AverageGrades-Original", "AverageGrades-Original\AverageGrades-Original.csproj", "{1495A742-E439-4D1B-91BB-C09708142856}"
EndProject
Project("{FAE04EC0-301F-11D3-BF4B-00C04F79EFBC}") = "AndreyAndBilliard-Original", "AndreyAndBilliard-Original\AndreyAndBilliard-Original.csproj", "{8ED62B3E-B534-4C1F-83EF-52038F4F2922}"
EndProject
Project("{FAE04EC0-301F-11D3-BF4B-00C04F79EFBC}") = "CountWorkingDays-Original", "CountWorkingDays-Original\CountWorkingDays-Original.csproj", "{D7A840B9-7306-4170-97CB-CB09D0498B60}"
EndProject
Global
	GlobalSection(SolutionConfigurationPlatforms) = preSolution
		Debug|Any CPU = Debug|Any CPU
		Release|Any CPU = Release|Any CPU
	EndGlobalSection
	GlobalSection(ProjectConfigurationPlatforms) = postSolution
		{B21AF16C-1D63-4107-B38E-1318B40E3A5C}.Debug|Any CPU.ActiveCfg = Debug|Any CPU
		{B21AF16C-1D63-4107-B38E-1318B40E3A5C}.Debug|Any CPU.Build.0 = Debug|Any CPU
		{B21AF16C-1D63-4107-B38E-1318B40E3A5C}.Release|Any CPU.ActiveCfg = Release|Any CPU
		{B21AF16C-1D63-4107-B38E-1318B40E3A5C}.Release|Any CPU.Build.0 = Release|Any CPU
		{A35BF9D4-8308-49CC-9A0B-3AB10A33B040}.Debug|Any CPU.ActiveCfg = Debug|Any CPU
		{A35BF9D4-8308-49CC-9A0B-3AB10A33B040}.Debug|Any CPU.Build.0 = Debug|Any CPU
		{A35BF9D4-8308-49CC-9A0B-3AB10A33B040}.Release|Any CPU.ActiveCfg = Release|Any CPU
		{A35BF9D4-8308-49CC-9A0B-3AB10A33B040}.Release|Any CPU.Build.0 = Release|Any CPU
		{97693607-4324-419D-B698-4D721FB53356}.Debug|Any CPU.ActiveCfg = Debug|Any CPU
		{97693607-4324-419D-B698-4D721FB53356}.Debug|Any CPU.Build.0 = Debug|Any CPU
		{97693607-4324-419D-B698-4D721FB53356}.Release|Any CPU.ActiveCfg = Release|Any CPU
		{97693607-4324-419D-B698-4D721FB53356}.Release|Any CPU.Build.0 = Release|Any CPU
		{04A8D827-A372-4647-8F3E-81BA8B24E029}.Debug|Any CPU.ActiveCfg = Debug|Any CPU
		{04A8D827-A372-4647-8F3E-81BA8B24E029}.Debug|Any CPU.Build.0 = Debug|Any CPU
		{04A8D827-A372-4647-8F3E-81BA8B24E029}.Release|Any CPU.ActiveCfg = Release|Any CPU
		{04A8D827-A372-4647-8F3E-81BA8B24E029}.Release|Any CPU.Build.0 = Release|Any CPU
		{33A91265-2C7C-4872-B716-9C5ED188BA04}.Debug|Any CPU.ActiveCfg = Debug|Any CPU
		{33A91265-2C7C-4872-B716-9C5ED188BA04}.Debug|Any CPU.Build.0 = Debug|Any CPU
		{33A91265-2C7C-4872-B716-9C5ED188BA04}.Release|Any CPU.ActiveCfg = Release|Any CPU
		{33A91265-2C7C-4872-B716-9C5ED188BA04}.Release|Any CPU.Build.0 = Release|Any CPU
		{DF163C05-67FD-495C-93DC-04C4FC426ADF}.Debug|Any CPU.ActiveCfg = Debug|Any CPU
		{DF163C05-67FD-495C-93DC-04C4FC426ADF}.Debug|Any CPU.Build.0 = Debug|Any CPU
		{DF163C05-67FD-495C-93DC-04C4FC426ADF}.Release|Any CPU.ActiveCfg = Release|Any CPU
		{DF163C05-67FD-495C-93DC-04C4FC426ADF}.Release|Any CPU.Build.0 = Release|Any CPU
		{D88EA4C4-FCC0-4631-9284-EA0C371D3A2B}.Debug|Any CPU.ActiveCfg = Debug|Any CPU
		{D88EA4C4-FCC0-4631-9284-EA0C371D3A2B}.Debug|Any CPU.Build.0 = Debug|Any CPU
		{D88EA4C4-FCC0-4631-9284-EA0C371D3A2B}.Release|Any CPU.ActiveCfg = Release|Any CPU
		{D88EA4C4-FCC0-4631-9284-EA0C371D3A2B}.Release|Any CPU.Build.0 = Release|Any CPU
		{000B9491-0317-474B-BC2D-A05D3F342BF8}.Debug|Any CPU.ActiveCfg = Debug|Any CPU
		{000B9491-0317-474B-BC2D-A05D3F342BF8}.Debug|Any CPU.Build.0 = Debug|Any CPU
		{000B9491-0317-474B-BC2D-A05D3F342BF8}.Release|Any CPU.ActiveCfg = Release|Any CPU
		{000B9491-0317-474B-BC2D-A05D3F342BF8}.Release|Any CPU.Build.0 = Release|Any CPU
		{3BFA06B7-503A-4801-A543-A4322EA0E600}.Debug|Any CPU.ActiveCfg = Debug|Any CPU
		{3BFA06B7-503A-4801-A543-A4322EA0E600}.Debug|Any CPU.Build.0 = Debug|Any CPU
		{3BFA06B7-503A-4801-A543-A4322EA0E600}.Release|Any CPU.ActiveCfg = Release|Any CPU
		{3BFA06B7-503A-4801-A543-A4322EA0E600}.Release|Any CPU.Build.0 = Release|Any CPU
		{02CD5606-F4ED-4425-9163-E5569506720D}.Debug|Any CPU.ActiveCfg = Debug|Any CPU
		{02CD5606-F4ED-4425-9163-E5569506720D}.Debug|Any CPU.Build.0 = Debug|Any CPU
		{02CD5606-F4ED-4425-9163-E5569506720D}.Release|Any CPU.ActiveCfg = Release|Any CPU
		{02CD5606-F4ED-4425-9163-E5569506720D}.Release|Any CPU.Build.0 = Release|Any CPU
		{C17990DC-FC60-4B3D-A51E-8BD3B02F4654}.Debug|Any CPU.ActiveCfg = Debug|Any CPU
		{C17990DC-FC60-4B3D-A51E-8BD3B02F4654}.Debug|Any CPU.Build.0 = Debug|Any CPU
		{C17990DC-FC60-4B3D-A51E-8BD3B02F4654}.Release|Any CPU.ActiveCfg = Release|Any CPU
		{C17990DC-FC60-4B3D-A51E-8BD3B02F4654}.Release|Any CPU.Build.0 = Release|Any CPU
		{19C3E2BC-8A3C-472A-ACDA-2A6AFA325D34}.Debug|Any CPU.ActiveCfg = Debug|Any CPU
		{19C3E2BC-8A3C-472A-ACDA-2A6AFA325D34}.Debug|Any CPU.Build.0 = Debug|Any CPU
		{19C3E2BC-8A3C-472A-ACDA-2A6AFA325D34}.Release|Any CPU.ActiveCfg = Release|Any CPU
		{19C3E2BC-8A3C-472A-ACDA-2A6AFA325D34}.Release|Any CPU.Build.0 = Release|Any CPU
		{9140A07F-4A66-43CA-9C2F-4787F749753C}.Debug|Any CPU.ActiveCfg = Debug|Any CPU
		{9140A07F-4A66-43CA-9C2F-4787F749753C}.Debug|Any CPU.Build.0 = Debug|Any CPU
		{9140A07F-4A66-43CA-9C2F-4787F749753C}.Release|Any CPU.ActiveCfg = Release|Any CPU
		{9140A07F-4A66-43CA-9C2F-4787F749753C}.Release|Any CPU.Build.0 = Release|Any CPU
		{FD870A43-33A1-4501-BEB3-F2139EA8FFB7}.Debug|Any CPU.ActiveCfg = Debug|Any CPU
		{FD870A43-33A1-4501-BEB3-F2139EA8FFB7}.Debug|Any CPU.Build.0 = Debug|Any CPU
		{FD870A43-33A1-4501-BEB3-F2139EA8FFB7}.Release|Any CPU.ActiveCfg = Release|Any CPU
		{FD870A43-33A1-4501-BEB3-F2139EA8FFB7}.Release|Any CPU.Build.0 = Release|Any CPU
		{EDEC308E-26E4-44CB-9095-4B3E4910F95E}.Debug|Any CPU.ActiveCfg = Debug|Any CPU
		{EDEC308E-26E4-44CB-9095-4B3E4910F95E}.Debug|Any CPU.Build.0 = Debug|Any CPU
		{EDEC308E-26E4-44CB-9095-4B3E4910F95E}.Release|Any CPU.ActiveCfg = Release|Any CPU
		{EDEC308E-26E4-44CB-9095-4B3E4910F95E}.Release|Any CPU.Build.0 = Release|Any CPU
		{5E017F76-7427-4417-AC1D-E8A5137DFE08}.Debug|Any CPU.ActiveCfg = Debug|Any CPU
		{5E017F76-7427-4417-AC1D-E8A5137DFE08}.Debug|Any CPU.Build.0 = Debug|Any CPU
		{5E017F76-7427-4417-AC1D-E8A5137DFE08}.Release|Any CPU.ActiveCfg = Release|Any CPU
		{5E017F76-7427-4417-AC1D-E8A5137DFE08}.Release|Any CPU.Build.0 = Release|Any CPU
		{1495A742-E439-4D1B-91BB-C09708142856}.Debug|Any CPU.ActiveCfg = Debug|Any CPU
		{1495A742-E439-4D1B-91BB-C09708142856}.Debug|Any CPU.Build.0 = Debug|Any CPU
		{1495A742-E439-4D1B-91BB-C09708142856}.Release|Any CPU.ActiveCfg = Release|Any CPU
		{1495A742-E439-4D1B-91BB-C09708142856}.Release|Any CPU.Build.0 = Release|Any CPU
		{8ED62B3E-B534-4C1F-83EF-52038F4F2922}.Debug|Any CPU.ActiveCfg = Debug|Any CPU
		{8ED62B3E-B534-4C1F-83EF-52038F4F2922}.Debug|Any CPU.Build.0 = Debug|Any CPU
		{8ED62B3E-B534-4C1F-83EF-52038F4F2922}.Release|Any CPU.ActiveCfg = Release|Any CPU
		{8ED62B3E-B534-4C1F-83EF-52038F4F2922}.Release|Any CPU.Build.0 = Release|Any CPU
		{D7A840B9-7306-4170-97CB-CB09D0498B60}.Debug|Any CPU.ActiveCfg = Debug|Any CPU
		{D7A840B9-7306-4170-97CB-CB09D0498B60}.Debug|Any CPU.Build.0 = Debug|Any CPU
		{D7A840B9-7306-4170-97CB-CB09D0498B60}.Release|Any CPU.ActiveCfg = Release|Any CPU
		{D7A840B9-7306-4170-97CB-CB09D0498B60}.Release|Any CPU.Build.0 = Release|Any CPU
	EndGlobalSection
	GlobalSection(SolutionProperties) = preSolution
		HideSolutionNode = FALSE
	EndGlobalSection
EndGlobal
