
Microsoft Visual Studio Solution File, Format Version 12.00
# Visual Studio 15
VisualStudioVersion = 15.0.26430.16
MinimumVisualStudioVersion = 10.0.40219.1
Project("{FAE04EC0-301F-11D3-BF4B-00C04F79EFBC}") = "ChooseADrinkExercise", "ChooseADrinkExercise\ChooseADrinkExercise.csproj", "{7E0C0882-B7E6-4560-8950-A7C401AAD662}"
EndProject
Project("{FAE04EC0-301F-11D3-BF4B-00C04F79EFBC}") = "ChooseADrink2.0", "ChooseADrink2.0\ChooseADrink2.0.csproj", "{2D79ABED-BE0A-4BD3-A332-6EFD28B6E487}"
EndProject
Project("{FAE04EC0-301F-11D3-BF4B-00C04F79EFBC}") = "RestaurantDiscount", "RestaurantDiscount\RestaurantDiscount.csproj", "{E45C00ED-DA27-406E-965A-5AC5FA08850E}"
EndProject
Project("{FAE04EC0-301F-11D3-BF4B-00C04F79EFBC}") = "Hotel", "Hotel\Hotel.csproj", "{420299D6-19BB-4942-BE76-DB856481D500}"
EndProject
Project("{FAE04EC0-301F-11D3-BF4B-00C04F79EFBC}") = "WordInPlural", "WordInPlural\WordInPlural.csproj", "{F77E2855-7258-465F-A1CB-A2A3B6E4EFC0}"
EndProject
Project("{FAE04EC0-301F-11D3-BF4B-00C04F79EFBC}") = "IntervalOfNumbers", "IntervalOfNumbers\IntervalOfNumbers.csproj", "{0FD35A58-FEBB-43C1-B8A1-41E3E4BA23C6}"
EndProject
Project("{FAE04EC0-301F-11D3-BF4B-00C04F79EFBC}") = "CakeIngredients", "CakeIngredients\CakeIngredients.csproj", "{16B62D80-4FB0-4504-BD95-6AAB99B308A3}"
EndProject
Project("{FAE04EC0-301F-11D3-BF4B-00C04F79EFBC}") = "CaloriesCounter", "CaloriesCounter\CaloriesCounter.csproj", "{917BD749-DE65-4F03-A289-93265AE9113B}"
EndProject
Project("{FAE04EC0-301F-11D3-BF4B-00C04F79EFBC}") = "CountTheIntegers", "CountTheIntegers\CountTheIntegers.csproj", "{F4BE7CAB-9EC3-48B1-9535-900731A6236B}"
EndProject
Project("{FAE04EC0-301F-11D3-BF4B-00C04F79EFBC}") = "TriangleOfNumbers", "TriangleOfNumbers\TriangleOfNumbers.csproj", "{3650F97E-C55D-4FAB-A20D-3F1744ECB239}"
EndProject
Project("{FAE04EC0-301F-11D3-BF4B-00C04F79EFBC}") = "5DifferentNumbers", "5DifferentNumbers\5DifferentNumbers.csproj", "{DFE874BF-DFA4-4AD0-B402-BAB6CE3B559D}"
EndProject
Project("{FAE04EC0-301F-11D3-BF4B-00C04F79EFBC}") = "TestNumbers", "TestNumbers\TestNumbers.csproj", "{3FF90A2F-DBA2-4C36-A4E6-A67D267229A4}"
EndProject
Project("{FAE04EC0-301F-11D3-BF4B-00C04F79EFBC}") = "GameOfNumbers", "GameOfNumbers\GameOfNumbers.csproj", "{78F044F4-EA73-44C4-B733-1C0800C0E7CF}"
EndProject
Project("{FAE04EC0-301F-11D3-BF4B-00C04F79EFBC}") = "MagicLetter", "MagicLetter\MagicLetter.csproj", "{97BDE121-7766-4437-A74E-66B7A905DCEC}"
EndProject
Project("{FAE04EC0-301F-11D3-BF4B-00C04F79EFBC}") = "NeighbourWars", "NeighbourWars\NeighbourWars.csproj", "{85D35555-7410-4295-953B-AA616BE29B99}"
EndProject
Project("{FAE04EC0-301F-11D3-BF4B-00C04F79EFBC}") = "Passed", "Passed\Passed.csproj", "{8D515A66-5DA2-4B82-BD6F-E833A38F0CE4}"
EndProject
Project("{FAE04EC0-301F-11D3-BF4B-00C04F79EFBC}") = "PassedOrFailed", "PassedOrFailed\PassedOrFailed.csproj", "{DB3E4E5B-A287-4559-9659-DAF4D86BDBFC}"
EndProject
Project("{FAE04EC0-301F-11D3-BF4B-00C04F79EFBC}") = "BackIn30Minutes", "BackIn30Minutes\BackIn30Minutes.csproj", "{934CB171-EA8E-45A5-AE3B-7921176A062A}"
EndProject
Project("{FAE04EC0-301F-11D3-BF4B-00C04F79EFBC}") = "MonthPrinter", "MonthPrinter\MonthPrinter.csproj", "{AB6447D4-BADE-4F13-8073-136617472C0E}"
EndProject
Project("{FAE04EC0-301F-11D3-BF4B-00C04F79EFBC}") = "ForeignLanguages", "ForeignLanguages\ForeignLanguages.csproj", "{E5778256-6532-4E53-8E0F-E1AE8F35C17E}"
EndProject
Project("{FAE04EC0-301F-11D3-BF4B-00C04F79EFBC}") = "TheatrePromotions", "TheatrePromotions\TheatrePromotions.csproj", "{60EBE67A-5753-4CCC-B3FB-61EB73B1530F}"
EndProject
Project("{FAE04EC0-301F-11D3-BF4B-00C04F79EFBC}") = "DivisibleBy3", "DivisibleBy3\DivisibleBy3.csproj", "{9BAF555A-C818-4915-8802-CC6F57893A59}"
EndProject
Project("{FAE04EC0-301F-11D3-BF4B-00C04F79EFBC}") = "SumOfOddNumbers", "SumOfOddNumbers\SumOfOddNumbers.csproj", "{E1405002-0FE8-4CC0-8011-9E1CFA4D584E}"
EndProject
Project("{FAE04EC0-301F-11D3-BF4B-00C04F79EFBC}") = "MultiplicationTable", "MultiplicationTable\MultiplicationTable.csproj", "{3EFBE327-5953-4FD1-80CC-8E22A1DD9D8E}"
EndProject
Project("{FAE04EC0-301F-11D3-BF4B-00C04F79EFBC}") = "MultiplicationTable2.0", "MultiplicationTable2.0\MultiplicationTable2.0.csproj", "{F39D2037-9EF5-4B62-BF39-37233B830193}"
EndProject
Project("{FAE04EC0-301F-11D3-BF4B-00C04F79EFBC}") = "OddNumber", "OddNumber\OddNumber.csproj", "{2D5B28A6-6D9A-4752-BD2D-431A72D6DD28}"
EndProject
Project("{FAE04EC0-301F-11D3-BF4B-00C04F79EFBC}") = "NumberChecker", "NumberChecker\NumberChecker.csproj", "{AA998F76-E6DF-47CF-A972-896CA020594C}"
EndProject
Project("{FAE04EC0-301F-11D3-BF4B-00C04F79EFBC}") = "XDraw", "XDraw\XDraw.csproj", "{03B10FC3-60D6-4A9A-9FF7-FECA3B857A62}"
EndProject
Project("{FAE04EC0-301F-11D3-BF4B-00C04F79EFBC}") = "VaporStore", "VaporStore\VaporStore.csproj", "{3C4BB48E-DE49-4341-AF8E-0A9D8990BADE}"
EndProject
Project("{FAE04EC0-301F-11D3-BF4B-00C04F79EFBC}") = "Megapixels", "Megapixels\Megapixels.csproj", "{8216E4C9-847F-4CD1-A484-D8375764D7B9}"
EndProject
Project("{FAE04EC0-301F-11D3-BF4B-00C04F79EFBC}") = "PhotoGallery", "PhotoGallery\PhotoGallery.csproj", "{A6FA738A-74BD-4C2B-83AB-283B596ADC2D}"
EndProject
Project("{FAE04EC0-301F-11D3-BF4B-00C04F79EFBC}") = "BPMCounter", "BPMCounter\BPMCounter.csproj", "{B87D1C8D-E201-4A0D-B44D-AB87647F9E6E}"
EndProject
Project("{FAE04EC0-301F-11D3-BF4B-00C04F79EFBC}") = "DNASequences", "Problem-06-DNASequences\DNASequences.csproj", "{F2BA224F-6C8F-43C7-A915-8BE3ADC6D429}"
EndProject
Project("{FAE04EC0-301F-11D3-BF4B-00C04F79EFBC}") = "TrainingHallEquipment", "TrainingHallEquipment\TrainingHallEquipment.csproj", "{C10CD2BF-3CA2-4F94-BA27-0F2FD2C7895A}"
EndProject
Project("{FAE04EC0-301F-11D3-BF4B-00C04F79EFBC}") = "SMSTyping", "SMSTyping\SMSTyping.csproj", "{DB45C294-FC4C-47F6-8C58-63FB81292A2D}"
EndProject
Global
	GlobalSection(SolutionConfigurationPlatforms) = preSolution
		Debug|Any CPU = Debug|Any CPU
		Release|Any CPU = Release|Any CPU
	EndGlobalSection
	GlobalSection(ProjectConfigurationPlatforms) = postSolution
		{7E0C0882-B7E6-4560-8950-A7C401AAD662}.Debug|Any CPU.ActiveCfg = Debug|Any CPU
		{7E0C0882-B7E6-4560-8950-A7C401AAD662}.Debug|Any CPU.Build.0 = Debug|Any CPU
		{7E0C0882-B7E6-4560-8950-A7C401AAD662}.Release|Any CPU.ActiveCfg = Release|Any CPU
		{7E0C0882-B7E6-4560-8950-A7C401AAD662}.Release|Any CPU.Build.0 = Release|Any CPU
		{2D79ABED-BE0A-4BD3-A332-6EFD28B6E487}.Debug|Any CPU.ActiveCfg = Debug|Any CPU
		{2D79ABED-BE0A-4BD3-A332-6EFD28B6E487}.Debug|Any CPU.Build.0 = Debug|Any CPU
		{2D79ABED-BE0A-4BD3-A332-6EFD28B6E487}.Release|Any CPU.ActiveCfg = Release|Any CPU
		{2D79ABED-BE0A-4BD3-A332-6EFD28B6E487}.Release|Any CPU.Build.0 = Release|Any CPU
		{E45C00ED-DA27-406E-965A-5AC5FA08850E}.Debug|Any CPU.ActiveCfg = Debug|Any CPU
		{E45C00ED-DA27-406E-965A-5AC5FA08850E}.Debug|Any CPU.Build.0 = Debug|Any CPU
		{E45C00ED-DA27-406E-965A-5AC5FA08850E}.Release|Any CPU.ActiveCfg = Release|Any CPU
		{E45C00ED-DA27-406E-965A-5AC5FA08850E}.Release|Any CPU.Build.0 = Release|Any CPU
		{420299D6-19BB-4942-BE76-DB856481D500}.Debug|Any CPU.ActiveCfg = Debug|Any CPU
		{420299D6-19BB-4942-BE76-DB856481D500}.Debug|Any CPU.Build.0 = Debug|Any CPU
		{420299D6-19BB-4942-BE76-DB856481D500}.Release|Any CPU.ActiveCfg = Release|Any CPU
		{420299D6-19BB-4942-BE76-DB856481D500}.Release|Any CPU.Build.0 = Release|Any CPU
		{F77E2855-7258-465F-A1CB-A2A3B6E4EFC0}.Debug|Any CPU.ActiveCfg = Debug|Any CPU
		{F77E2855-7258-465F-A1CB-A2A3B6E4EFC0}.Debug|Any CPU.Build.0 = Debug|Any CPU
		{F77E2855-7258-465F-A1CB-A2A3B6E4EFC0}.Release|Any CPU.ActiveCfg = Release|Any CPU
		{F77E2855-7258-465F-A1CB-A2A3B6E4EFC0}.Release|Any CPU.Build.0 = Release|Any CPU
		{0FD35A58-FEBB-43C1-B8A1-41E3E4BA23C6}.Debug|Any CPU.ActiveCfg = Debug|Any CPU
		{0FD35A58-FEBB-43C1-B8A1-41E3E4BA23C6}.Debug|Any CPU.Build.0 = Debug|Any CPU
		{0FD35A58-FEBB-43C1-B8A1-41E3E4BA23C6}.Release|Any CPU.ActiveCfg = Release|Any CPU
		{0FD35A58-FEBB-43C1-B8A1-41E3E4BA23C6}.Release|Any CPU.Build.0 = Release|Any CPU
		{16B62D80-4FB0-4504-BD95-6AAB99B308A3}.Debug|Any CPU.ActiveCfg = Debug|Any CPU
		{16B62D80-4FB0-4504-BD95-6AAB99B308A3}.Debug|Any CPU.Build.0 = Debug|Any CPU
		{16B62D80-4FB0-4504-BD95-6AAB99B308A3}.Release|Any CPU.ActiveCfg = Release|Any CPU
		{16B62D80-4FB0-4504-BD95-6AAB99B308A3}.Release|Any CPU.Build.0 = Release|Any CPU
		{917BD749-DE65-4F03-A289-93265AE9113B}.Debug|Any CPU.ActiveCfg = Debug|Any CPU
		{917BD749-DE65-4F03-A289-93265AE9113B}.Debug|Any CPU.Build.0 = Debug|Any CPU
		{917BD749-DE65-4F03-A289-93265AE9113B}.Release|Any CPU.ActiveCfg = Release|Any CPU
		{917BD749-DE65-4F03-A289-93265AE9113B}.Release|Any CPU.Build.0 = Release|Any CPU
		{F4BE7CAB-9EC3-48B1-9535-900731A6236B}.Debug|Any CPU.ActiveCfg = Debug|Any CPU
		{F4BE7CAB-9EC3-48B1-9535-900731A6236B}.Debug|Any CPU.Build.0 = Debug|Any CPU
		{F4BE7CAB-9EC3-48B1-9535-900731A6236B}.Release|Any CPU.ActiveCfg = Release|Any CPU
		{F4BE7CAB-9EC3-48B1-9535-900731A6236B}.Release|Any CPU.Build.0 = Release|Any CPU
		{3650F97E-C55D-4FAB-A20D-3F1744ECB239}.Debug|Any CPU.ActiveCfg = Debug|Any CPU
		{3650F97E-C55D-4FAB-A20D-3F1744ECB239}.Debug|Any CPU.Build.0 = Debug|Any CPU
		{3650F97E-C55D-4FAB-A20D-3F1744ECB239}.Release|Any CPU.ActiveCfg = Release|Any CPU
		{3650F97E-C55D-4FAB-A20D-3F1744ECB239}.Release|Any CPU.Build.0 = Release|Any CPU
		{DFE874BF-DFA4-4AD0-B402-BAB6CE3B559D}.Debug|Any CPU.ActiveCfg = Debug|Any CPU
		{DFE874BF-DFA4-4AD0-B402-BAB6CE3B559D}.Debug|Any CPU.Build.0 = Debug|Any CPU
		{DFE874BF-DFA4-4AD0-B402-BAB6CE3B559D}.Release|Any CPU.ActiveCfg = Release|Any CPU
		{DFE874BF-DFA4-4AD0-B402-BAB6CE3B559D}.Release|Any CPU.Build.0 = Release|Any CPU
		{3FF90A2F-DBA2-4C36-A4E6-A67D267229A4}.Debug|Any CPU.ActiveCfg = Debug|Any CPU
		{3FF90A2F-DBA2-4C36-A4E6-A67D267229A4}.Debug|Any CPU.Build.0 = Debug|Any CPU
		{3FF90A2F-DBA2-4C36-A4E6-A67D267229A4}.Release|Any CPU.ActiveCfg = Release|Any CPU
		{3FF90A2F-DBA2-4C36-A4E6-A67D267229A4}.Release|Any CPU.Build.0 = Release|Any CPU
		{78F044F4-EA73-44C4-B733-1C0800C0E7CF}.Debug|Any CPU.ActiveCfg = Debug|Any CPU
		{78F044F4-EA73-44C4-B733-1C0800C0E7CF}.Debug|Any CPU.Build.0 = Debug|Any CPU
		{78F044F4-EA73-44C4-B733-1C0800C0E7CF}.Release|Any CPU.ActiveCfg = Release|Any CPU
		{78F044F4-EA73-44C4-B733-1C0800C0E7CF}.Release|Any CPU.Build.0 = Release|Any CPU
		{97BDE121-7766-4437-A74E-66B7A905DCEC}.Debug|Any CPU.ActiveCfg = Debug|Any CPU
		{97BDE121-7766-4437-A74E-66B7A905DCEC}.Debug|Any CPU.Build.0 = Debug|Any CPU
		{97BDE121-7766-4437-A74E-66B7A905DCEC}.Release|Any CPU.ActiveCfg = Release|Any CPU
		{97BDE121-7766-4437-A74E-66B7A905DCEC}.Release|Any CPU.Build.0 = Release|Any CPU
		{85D35555-7410-4295-953B-AA616BE29B99}.Debug|Any CPU.ActiveCfg = Debug|Any CPU
		{85D35555-7410-4295-953B-AA616BE29B99}.Debug|Any CPU.Build.0 = Debug|Any CPU
		{85D35555-7410-4295-953B-AA616BE29B99}.Release|Any CPU.ActiveCfg = Release|Any CPU
		{85D35555-7410-4295-953B-AA616BE29B99}.Release|Any CPU.Build.0 = Release|Any CPU
		{8D515A66-5DA2-4B82-BD6F-E833A38F0CE4}.Debug|Any CPU.ActiveCfg = Debug|Any CPU
		{8D515A66-5DA2-4B82-BD6F-E833A38F0CE4}.Debug|Any CPU.Build.0 = Debug|Any CPU
		{8D515A66-5DA2-4B82-BD6F-E833A38F0CE4}.Release|Any CPU.ActiveCfg = Release|Any CPU
		{8D515A66-5DA2-4B82-BD6F-E833A38F0CE4}.Release|Any CPU.Build.0 = Release|Any CPU
		{DB3E4E5B-A287-4559-9659-DAF4D86BDBFC}.Debug|Any CPU.ActiveCfg = Debug|Any CPU
		{DB3E4E5B-A287-4559-9659-DAF4D86BDBFC}.Debug|Any CPU.Build.0 = Debug|Any CPU
		{DB3E4E5B-A287-4559-9659-DAF4D86BDBFC}.Release|Any CPU.ActiveCfg = Release|Any CPU
		{DB3E4E5B-A287-4559-9659-DAF4D86BDBFC}.Release|Any CPU.Build.0 = Release|Any CPU
		{934CB171-EA8E-45A5-AE3B-7921176A062A}.Debug|Any CPU.ActiveCfg = Debug|Any CPU
		{934CB171-EA8E-45A5-AE3B-7921176A062A}.Debug|Any CPU.Build.0 = Debug|Any CPU
		{934CB171-EA8E-45A5-AE3B-7921176A062A}.Release|Any CPU.ActiveCfg = Release|Any CPU
		{934CB171-EA8E-45A5-AE3B-7921176A062A}.Release|Any CPU.Build.0 = Release|Any CPU
		{AB6447D4-BADE-4F13-8073-136617472C0E}.Debug|Any CPU.ActiveCfg = Debug|Any CPU
		{AB6447D4-BADE-4F13-8073-136617472C0E}.Debug|Any CPU.Build.0 = Debug|Any CPU
		{AB6447D4-BADE-4F13-8073-136617472C0E}.Release|Any CPU.ActiveCfg = Release|Any CPU
		{AB6447D4-BADE-4F13-8073-136617472C0E}.Release|Any CPU.Build.0 = Release|Any CPU
		{E5778256-6532-4E53-8E0F-E1AE8F35C17E}.Debug|Any CPU.ActiveCfg = Debug|Any CPU
		{E5778256-6532-4E53-8E0F-E1AE8F35C17E}.Debug|Any CPU.Build.0 = Debug|Any CPU
		{E5778256-6532-4E53-8E0F-E1AE8F35C17E}.Release|Any CPU.ActiveCfg = Release|Any CPU
		{E5778256-6532-4E53-8E0F-E1AE8F35C17E}.Release|Any CPU.Build.0 = Release|Any CPU
		{60EBE67A-5753-4CCC-B3FB-61EB73B1530F}.Debug|Any CPU.ActiveCfg = Debug|Any CPU
		{60EBE67A-5753-4CCC-B3FB-61EB73B1530F}.Debug|Any CPU.Build.0 = Debug|Any CPU
		{60EBE67A-5753-4CCC-B3FB-61EB73B1530F}.Release|Any CPU.ActiveCfg = Release|Any CPU
		{60EBE67A-5753-4CCC-B3FB-61EB73B1530F}.Release|Any CPU.Build.0 = Release|Any CPU
		{9BAF555A-C818-4915-8802-CC6F57893A59}.Debug|Any CPU.ActiveCfg = Debug|Any CPU
		{9BAF555A-C818-4915-8802-CC6F57893A59}.Debug|Any CPU.Build.0 = Debug|Any CPU
		{9BAF555A-C818-4915-8802-CC6F57893A59}.Release|Any CPU.ActiveCfg = Release|Any CPU
		{9BAF555A-C818-4915-8802-CC6F57893A59}.Release|Any CPU.Build.0 = Release|Any CPU
		{E1405002-0FE8-4CC0-8011-9E1CFA4D584E}.Debug|Any CPU.ActiveCfg = Debug|Any CPU
		{E1405002-0FE8-4CC0-8011-9E1CFA4D584E}.Debug|Any CPU.Build.0 = Debug|Any CPU
		{E1405002-0FE8-4CC0-8011-9E1CFA4D584E}.Release|Any CPU.ActiveCfg = Release|Any CPU
		{E1405002-0FE8-4CC0-8011-9E1CFA4D584E}.Release|Any CPU.Build.0 = Release|Any CPU
		{3EFBE327-5953-4FD1-80CC-8E22A1DD9D8E}.Debug|Any CPU.ActiveCfg = Debug|Any CPU
		{3EFBE327-5953-4FD1-80CC-8E22A1DD9D8E}.Debug|Any CPU.Build.0 = Debug|Any CPU
		{3EFBE327-5953-4FD1-80CC-8E22A1DD9D8E}.Release|Any CPU.ActiveCfg = Release|Any CPU
		{3EFBE327-5953-4FD1-80CC-8E22A1DD9D8E}.Release|Any CPU.Build.0 = Release|Any CPU
		{F39D2037-9EF5-4B62-BF39-37233B830193}.Debug|Any CPU.ActiveCfg = Debug|Any CPU
		{F39D2037-9EF5-4B62-BF39-37233B830193}.Debug|Any CPU.Build.0 = Debug|Any CPU
		{F39D2037-9EF5-4B62-BF39-37233B830193}.Release|Any CPU.ActiveCfg = Release|Any CPU
		{F39D2037-9EF5-4B62-BF39-37233B830193}.Release|Any CPU.Build.0 = Release|Any CPU
		{2D5B28A6-6D9A-4752-BD2D-431A72D6DD28}.Debug|Any CPU.ActiveCfg = Debug|Any CPU
		{2D5B28A6-6D9A-4752-BD2D-431A72D6DD28}.Debug|Any CPU.Build.0 = Debug|Any CPU
		{2D5B28A6-6D9A-4752-BD2D-431A72D6DD28}.Release|Any CPU.ActiveCfg = Release|Any CPU
		{2D5B28A6-6D9A-4752-BD2D-431A72D6DD28}.Release|Any CPU.Build.0 = Release|Any CPU
		{AA998F76-E6DF-47CF-A972-896CA020594C}.Debug|Any CPU.ActiveCfg = Debug|Any CPU
		{AA998F76-E6DF-47CF-A972-896CA020594C}.Debug|Any CPU.Build.0 = Debug|Any CPU
		{AA998F76-E6DF-47CF-A972-896CA020594C}.Release|Any CPU.ActiveCfg = Release|Any CPU
		{AA998F76-E6DF-47CF-A972-896CA020594C}.Release|Any CPU.Build.0 = Release|Any CPU
		{03B10FC3-60D6-4A9A-9FF7-FECA3B857A62}.Debug|Any CPU.ActiveCfg = Debug|Any CPU
		{03B10FC3-60D6-4A9A-9FF7-FECA3B857A62}.Debug|Any CPU.Build.0 = Debug|Any CPU
		{03B10FC3-60D6-4A9A-9FF7-FECA3B857A62}.Release|Any CPU.ActiveCfg = Release|Any CPU
		{03B10FC3-60D6-4A9A-9FF7-FECA3B857A62}.Release|Any CPU.Build.0 = Release|Any CPU
		{3C4BB48E-DE49-4341-AF8E-0A9D8990BADE}.Debug|Any CPU.ActiveCfg = Debug|Any CPU
		{3C4BB48E-DE49-4341-AF8E-0A9D8990BADE}.Debug|Any CPU.Build.0 = Debug|Any CPU
		{3C4BB48E-DE49-4341-AF8E-0A9D8990BADE}.Release|Any CPU.ActiveCfg = Release|Any CPU
		{3C4BB48E-DE49-4341-AF8E-0A9D8990BADE}.Release|Any CPU.Build.0 = Release|Any CPU
		{8216E4C9-847F-4CD1-A484-D8375764D7B9}.Debug|Any CPU.ActiveCfg = Debug|Any CPU
		{8216E4C9-847F-4CD1-A484-D8375764D7B9}.Debug|Any CPU.Build.0 = Debug|Any CPU
		{8216E4C9-847F-4CD1-A484-D8375764D7B9}.Release|Any CPU.ActiveCfg = Release|Any CPU
		{8216E4C9-847F-4CD1-A484-D8375764D7B9}.Release|Any CPU.Build.0 = Release|Any CPU
		{A6FA738A-74BD-4C2B-83AB-283B596ADC2D}.Debug|Any CPU.ActiveCfg = Debug|Any CPU
		{A6FA738A-74BD-4C2B-83AB-283B596ADC2D}.Debug|Any CPU.Build.0 = Debug|Any CPU
		{A6FA738A-74BD-4C2B-83AB-283B596ADC2D}.Release|Any CPU.ActiveCfg = Release|Any CPU
		{A6FA738A-74BD-4C2B-83AB-283B596ADC2D}.Release|Any CPU.Build.0 = Release|Any CPU
		{B87D1C8D-E201-4A0D-B44D-AB87647F9E6E}.Debug|Any CPU.ActiveCfg = Debug|Any CPU
		{B87D1C8D-E201-4A0D-B44D-AB87647F9E6E}.Debug|Any CPU.Build.0 = Debug|Any CPU
		{B87D1C8D-E201-4A0D-B44D-AB87647F9E6E}.Release|Any CPU.ActiveCfg = Release|Any CPU
		{B87D1C8D-E201-4A0D-B44D-AB87647F9E6E}.Release|Any CPU.Build.0 = Release|Any CPU
		{F2BA224F-6C8F-43C7-A915-8BE3ADC6D429}.Debug|Any CPU.ActiveCfg = Debug|Any CPU
		{F2BA224F-6C8F-43C7-A915-8BE3ADC6D429}.Debug|Any CPU.Build.0 = Debug|Any CPU
		{F2BA224F-6C8F-43C7-A915-8BE3ADC6D429}.Release|Any CPU.ActiveCfg = Release|Any CPU
		{F2BA224F-6C8F-43C7-A915-8BE3ADC6D429}.Release|Any CPU.Build.0 = Release|Any CPU
		{C10CD2BF-3CA2-4F94-BA27-0F2FD2C7895A}.Debug|Any CPU.ActiveCfg = Debug|Any CPU
		{C10CD2BF-3CA2-4F94-BA27-0F2FD2C7895A}.Debug|Any CPU.Build.0 = Debug|Any CPU
		{C10CD2BF-3CA2-4F94-BA27-0F2FD2C7895A}.Release|Any CPU.ActiveCfg = Release|Any CPU
		{C10CD2BF-3CA2-4F94-BA27-0F2FD2C7895A}.Release|Any CPU.Build.0 = Release|Any CPU
		{DB45C294-FC4C-47F6-8C58-63FB81292A2D}.Debug|Any CPU.ActiveCfg = Debug|Any CPU
		{DB45C294-FC4C-47F6-8C58-63FB81292A2D}.Debug|Any CPU.Build.0 = Debug|Any CPU
		{DB45C294-FC4C-47F6-8C58-63FB81292A2D}.Release|Any CPU.ActiveCfg = Release|Any CPU
		{DB45C294-FC4C-47F6-8C58-63FB81292A2D}.Release|Any CPU.Build.0 = Release|Any CPU
	EndGlobalSection
	GlobalSection(SolutionProperties) = preSolution
		HideSolutionNode = FALSE
	EndGlobalSection
EndGlobal
