
Microsoft Visual Studio Solution File, Format Version 12.00
# Visual Studio 15
VisualStudioVersion = 15.0.26430.16
MinimumVisualStudioVersion = 10.0.40219.1
Project("{FAE04EC0-301F-11D3-BF4B-00C04F79EFBC}") = "TriangleAreaCoordinates-Book", "TriangleAreaCoordinates-Book\TriangleAreaCoordinates-Book.csproj", "{C5B96231-3DCC-4A14-9B8D-63349F37E5F6}"
EndProject
Project("{FAE04EC0-301F-11D3-BF4B-00C04F79EFBC}") = "Bricks-Book", "Bricks-Book\Bricks-Book.csproj", "{D1C3ADF7-4DA2-483B-B100-625F7C13CEBD}"
EndProject
Project("{FAE04EC0-301F-11D3-BF4B-00C04F79EFBC}") = "PointOnSegment-Book", "PointOnSegment-Book\PointOnSegment-Book.csproj", "{5AD50309-EB30-45CB-B2E4-18E931AE1DA9}"
EndProject
Project("{FAE04EC0-301F-11D3-BF4B-00C04F79EFBC}") = "PointInFigure-Book", "PointInFigure-Book\PointInFigure-Book.csproj", "{24D758A2-E9C4-4A19-8742-0E3F1BDA4D21}"
EndProject
Project("{FAE04EC0-301F-11D3-BF4B-00C04F79EFBC}") = "DateAfter5Days-Book", "DateAfter5Days-Book\DateAfter5Days-Book.csproj", "{07F2509E-C516-4089-AE83-21E704C0B896}"
EndProject
Project("{FAE04EC0-301F-11D3-BF4B-00C04F79EFBC}") = "Sums3Numbers-Book", "Sums3Numbers-Book\Sums3Numbers-Book.csproj", "{918CC08C-D0A7-4D04-AB6F-9FA4F2CFCE0D}"
EndProject
Project("{FAE04EC0-301F-11D3-BF4B-00C04F79EFBC}") = "SumStep3-ExamAdd", "SumStep3-ExamAdd\SumStep3-ExamAdd.csproj", "{D8EFEEC9-1FF5-46A3-8831-15BBF7CB19DC}"
EndProject
Project("{FAE04EC0-301F-11D3-BF4B-00C04F79EFBC}") = "IncreasingElements-Book", "IncreasingElements-Book\IncreasingElements-Book.csproj", "{5D25BC7F-110B-460D-8944-BA7E38B9D123}"
EndProject
Project("{FAE04EC0-301F-11D3-BF4B-00C04F79EFBC}") = "Diamond-Book", "Diamond-Book\Diamond-Book.csproj", "{527AF759-FB65-45F6-A857-0C577CF891F0}"
EndProject
Project("{FAE04EC0-301F-11D3-BF4B-00C04F79EFBC}") = "RectangleWithStars-Books", "RectangleWithStars-Books\RectangleWithStars-Books.csproj", "{B6ECD549-30DF-4E7E-BE31-5DB44B7550BD}"
EndProject
Project("{FAE04EC0-301F-11D3-BF4B-00C04F79EFBC}") = "Increasing4Numbers-Book", "Increasing4Numbers-Book\Increasing4Numbers-Book.csproj", "{4C198338-EA7D-48CB-AEDE-82244B949DC4}"
EndProject
Project("{FAE04EC0-301F-11D3-BF4B-00C04F79EFBC}") = "GenerateRectangles-Book", "GenerateRectangles-Book\GenerateRectangles-Book.csproj", "{E1448F42-0656-481F-B61E-CB0F090C9AED}"
EndProject
Project("{FAE04EC0-301F-11D3-BF4B-00C04F79EFBC}") = "TailoringWorkshopExam", "TailoringWorkshopExam\TailoringWorkshopExam.csproj", "{7053EB5C-9356-4995-9E96-5BAAF10082AC}"
EndProject
Project("{FAE04EC0-301F-11D3-BF4B-00C04F79EFBC}") = "Scholarship-Exam", "Scholarship-Exam\Scholarship-Exam.csproj", "{D19CD5CD-AB3A-46AA-B6D9-9E32791CCD0E}"
EndProject
Project("{FAE04EC0-301F-11D3-BF4B-00C04F79EFBC}") = "PhotoPictures-Exam", "PhotoPictures-Exam\PhotoPictures-Exam.csproj", "{07A6F964-A810-4466-ACFF-B401834164F9}"
EndProject
Project("{FAE04EC0-301F-11D3-BF4B-00C04F79EFBC}") = "Cake-Exam", "Cake-Exam\Cake-Exam.csproj", "{6230D9FF-DD7A-4B7A-AC6E-72DFD827EC84}"
EndProject
Project("{FAE04EC0-301F-11D3-BF4B-00C04F79EFBC}") = "Snowflake-Exam", "Snowflake-Exam\Snowflake-Exam.csproj", "{98F60A07-9C9A-4E9C-BEC3-3016457D2BCE}"
EndProject
Project("{FAE04EC0-301F-11D3-BF4B-00C04F79EFBC}") = "Profit-Exam", "Profit-Exam\Profit-Exam.csproj", "{C07DC20B-BAD2-4B98-AC78-8DAA4B101611}"
EndProject
Project("{FAE04EC0-301F-11D3-BF4B-00C04F79EFBC}") = "DateTime-HowItWorks", "DateTime-HowItWorks\DateTime-HowItWorks.csproj", "{AA5B7EA1-707F-4E40-87A4-7CB82D8A5E81}"
EndProject
Project("{FAE04EC0-301F-11D3-BF4B-00C04F79EFBC}") = "MagicNumbers", "MagicNumbers\MagicNumbers.csproj", "{B61C7003-4561-4D5B-9FD3-3379EB7CDB99}"
EndProject
Project("{FAE04EC0-301F-11D3-BF4B-00C04F79EFBC}") = "TrainingLab", "TrainingLab\TrainingLab.csproj", "{952B5AAB-4B69-467C-8238-AB5D61AAE653}"
EndProject
Project("{FAE04EC0-301F-11D3-BF4B-00C04F79EFBC}") = "TransportPrice", "TransportPrice\TransportPrice.csproj", "{0F0AE9EB-0246-4042-8FD5-333C82F59E47}"
EndProject
Project("{FAE04EC0-301F-11D3-BF4B-00C04F79EFBC}") = "OnTimeForTheExam", "OnTimeForTheExam\OnTimeForTheExam.csproj", "{3B0F0094-896D-4659-8814-C3CBAB75A93D}"
EndProject
Project("{FAE04EC0-301F-11D3-BF4B-00C04F79EFBC}") = "Histogram", "Histogram\Histogram.csproj", "{D5833F1D-AE6F-4EDE-8E7B-EB7BBCBA1D21}"
EndProject
Project("{FAE04EC0-301F-11D3-BF4B-00C04F79EFBC}") = "DrawFort", "DrawFort\DrawFort.csproj", "{AAF8199C-1160-4231-9A61-10123493A53C}"
EndProject
Project("{FAE04EC0-301F-11D3-BF4B-00C04F79EFBC}") = "StupidPasswordGenerator", "StupidPasswordGenerator\StupidPasswordGenerator.csproj", "{570B8732-6046-475D-A68A-07AF3D116D59}"
EndProject
Project("{FAE04EC0-301F-11D3-BF4B-00C04F79EFBC}") = "VegetableMarket", "VegetableMarket\VegetableMarket.csproj", "{051F6B3C-C4AD-4520-886A-CCBE922FD335}"
EndProject
Project("{FAE04EC0-301F-11D3-BF4B-00C04F79EFBC}") = "PoolPipes", "PoolPipes\PoolPipes.csproj", "{1C90E50C-4C34-4096-BEFB-32B613F56E16}"
EndProject
Project("{FAE04EC0-301F-11D3-BF4B-00C04F79EFBC}") = "Trip", "Trip\Trip.csproj", "{9A230BB9-3AF5-433A-9CEB-769633A5E9DD}"
EndProject
Project("{FAE04EC0-301F-11D3-BF4B-00C04F79EFBC}") = "DivisionWithoutRemainder", "DivisionWithoutRemainder\DivisionWithoutRemainder.csproj", "{FEDAF009-09C7-4F5B-9EAC-F5FF0F529602}"
EndProject
Project("{FAE04EC0-301F-11D3-BF4B-00C04F79EFBC}") = "Butterfly", "Butterfly\Butterfly.csproj", "{5DDDE902-424A-4073-A8DF-BDACF65DEA4E}"
EndProject
Project("{FAE04EC0-301F-11D3-BF4B-00C04F79EFBC}") = "MagicNumbersAgain", "MagicNumbersAgain\MagicNumbersAgain.csproj", "{328BF022-7692-4C02-A178-C09817E93337}"
EndProject
Project("{FAE04EC0-301F-11D3-BF4B-00C04F79EFBC}") = "ChangeTiles", "ChangeTiles\ChangeTiles.csproj", "{CF57F6AE-D11A-4F39-B9DA-49B0F63D4233}"
EndProject
Project("{FAE04EC0-301F-11D3-BF4B-00C04F79EFBC}") = "Tiles", "Tiles\Tiles.csproj", "{39C7859B-1F39-4B78-9E19-FEE8B27FDEC0}"
EndProject
Project("{FAE04EC0-301F-11D3-BF4B-00C04F79EFBC}") = "SleepyCatTom", "SleepyCatTom\SleepyCatTom.csproj", "{D08C0860-4395-47D7-8238-74C8708E99D3}"
EndProject
Project("{FAE04EC0-301F-11D3-BF4B-00C04F79EFBC}") = "OperationsBetweenNumbers", "OperationsBetweenNumbers\OperationsBetweenNumbers.csproj", "{B69CE474-D136-4CA3-9255-DFA3DDA5270D}"
EndProject
Project("{FAE04EC0-301F-11D3-BF4B-00C04F79EFBC}") = "SmartLilly", "SmartLilly\SmartLilly.csproj", "{38FE9CFB-9A7E-47C0-A781-926F27D0F0D9}"
EndProject
Project("{FAE04EC0-301F-11D3-BF4B-00C04F79EFBC}") = "Stop", "Stop\Stop.csproj", "{0B4A9BE7-0CED-4738-BCF9-92B357AF4C5B}"
EndProject
Project("{FAE04EC0-301F-11D3-BF4B-00C04F79EFBC}") = "SpecialNumbers", "SpecialNumbers\SpecialNumbers.csproj", "{6ECD8A42-D1C6-43EA-8676-20B067A6A915}"
EndProject
Project("{FAE04EC0-301F-11D3-BF4B-00C04F79EFBC}") = "Money", "Money\Money.csproj", "{1D1D3B48-D59A-4B33-B4ED-62AEE06B0F31}"
EndProject
Project("{FAE04EC0-301F-11D3-BF4B-00C04F79EFBC}") = "Harvest", "Harvest\Harvest.csproj", "{A492936B-3302-487A-B9F8-E01A0D467193}"
EndProject
Project("{FAE04EC0-301F-11D3-BF4B-00C04F79EFBC}") = "MatchTickets", "MatchTickets\MatchTickets.csproj", "{A1BE5937-4FCA-47EE-91E3-69ED1CBE7D23}"
EndProject
Project("{FAE04EC0-301F-11D3-BF4B-00C04F79EFBC}") = "BackToThePast", "BackToThePast\BackToThePast.csproj", "{D5FE2668-2F5E-4AE3-8630-02AEEECB9571}"
EndProject
Project("{FAE04EC0-301F-11D3-BF4B-00C04F79EFBC}") = "Diamond", "Diamond\Diamond.csproj", "{17D94484-8873-4D8F-A9D2-74F9DB81612C}"
EndProject
Project("{FAE04EC0-301F-11D3-BF4B-00C04F79EFBC}") = "StopNumber", "StopNumber\StopNumber.csproj", "{BC129595-4A4D-4BB7-BBAC-45455FF4D8CD}"
EndProject
Project("{FAE04EC0-301F-11D3-BF4B-00C04F79EFBC}") = "Profit", "Profit\Profit.csproj", "{F46365C3-D5AE-4E34-8428-984C52865F5B}"
EndProject
Project("{FAE04EC0-301F-11D3-BF4B-00C04F79EFBC}") = "Firm", "Firm\Firm.csproj", "{9A959268-99C3-4FE4-9B0D-D1D455A9E836}"
EndProject
Project("{FAE04EC0-301F-11D3-BF4B-00C04F79EFBC}") = "HotelRoom", "HotelRoom\HotelRoom.csproj", "{8CC76B81-B6AF-4DAB-B17C-698808F5D647}"
EndProject
Project("{FAE04EC0-301F-11D3-BF4B-00C04F79EFBC}") = "Hospital", "Hospital\Hospital.csproj", "{7D126181-5637-4F8F-962F-A398CD0F4208}"
EndProject
Project("{FAE04EC0-301F-11D3-BF4B-00C04F79EFBC}") = "Axe", "Axe\Axe.csproj", "{724AD9DE-1104-4557-9050-4ECEAE268394}"
EndProject
Project("{FAE04EC0-301F-11D3-BF4B-00C04F79EFBC}") = "Digits", "Digits\Digits.csproj", "{CC97AD70-371B-4F4E-8642-C4B2A7D1CA8D}"
EndProject
Project("{FAE04EC0-301F-11D3-BF4B-00C04F79EFBC}") = "TwoNumbersSum", "TwoNumbersSum\TwoNumbersSum.csproj", "{49DD88CB-6052-465A-8D09-7ED7CC89312B}"
EndProject
Project("{FAE04EC0-301F-11D3-BF4B-00C04F79EFBC}") = "HousePainting", "HousePainting\HousePainting.csproj", "{DC4D986A-593D-4E8A-9EF2-CF79955080FF}"
EndProject
Project("{FAE04EC0-301F-11D3-BF4B-00C04F79EFBC}") = "Cups", "Cups\Cups.csproj", "{F61B279C-898B-4BFA-8812-07B642C002BF}"
EndProject
Project("{FAE04EC0-301F-11D3-BF4B-00C04F79EFBC}") = "Vacation", "Vacation\Vacation.csproj", "{F1EDACC6-2236-459B-9719-377CCD942163}"
EndProject
Project("{FAE04EC0-301F-11D3-BF4B-00C04F79EFBC}") = "TrainersSalary", "TrainersSalary\TrainersSalary.csproj", "{074FD270-3285-4CCA-8C6E-F542B7C9F550}"
EndProject
Project("{FAE04EC0-301F-11D3-BF4B-00C04F79EFBC}") = "Hourglass", "Hourglass\Hourglass.csproj", "{C24F720D-69BF-45D5-9B40-61FD3A06F75C}"
EndProject
Project("{FAE04EC0-301F-11D3-BF4B-00C04F79EFBC}") = "Charity", "Charity\Charity.csproj", "{CBF5CE4D-B566-425F-8F9E-587F76304663}"
EndProject
Project("{FAE04EC0-301F-11D3-BF4B-00C04F79EFBC}") = "SwimmingWorldRecord", "SwimmingWorldRecord\SwimmingWorldRecord.csproj", "{73725468-A9B2-49DB-B3B1-EF705F61C4EB}"
EndProject
Project("{FAE04EC0-301F-11D3-BF4B-00C04F79EFBC}") = "FruitCoctails", "FruitCoctails\FruitCoctails.csproj", "{67AFCB06-04FD-42E5-87C8-4C849828038B}"
EndProject
Project("{FAE04EC0-301F-11D3-BF4B-00C04F79EFBC}") = "MoneyPrize", "MoneyPrize\MoneyPrize.csproj", "{8EDF96FB-B36C-4923-BA0F-7332CC7F7405}"
EndProject
Project("{FAE04EC0-301F-11D3-BF4B-00C04F79EFBC}") = "Triangle", "Triangle\Triangle.csproj", "{CF0F976C-F525-4856-96CC-32501CB039DD}"
EndProject
Project("{FAE04EC0-301F-11D3-BF4B-00C04F79EFBC}") = "SumOrMultiplication", "SumOrMultiplication\SumOrMultiplication.csproj", "{137642B2-F74C-4B20-8470-2DE534A1F6EA}"
EndProject
Project("{FAE04EC0-301F-11D3-BF4B-00C04F79EFBC}") = "DanceHall", "DanceHall\DanceHall.csproj", "{07F4A460-8368-4B34-AC22-306C318FA53E}"
EndProject
Project("{FAE04EC0-301F-11D3-BF4B-00C04F79EFBC}") = "Choreography", "Choreography\Choreography.csproj", "{DF54BCE8-23EC-4F9A-A149-44C6F9D33637}"
EndProject
Project("{FAE04EC0-301F-11D3-BF4B-00C04F79EFBC}") = "FinalCompetition", "FinalCompetition\FinalCompetition.csproj", "{21A1E8C5-7DDB-4003-A2EF-E922EBDB4E3E}"
EndProject
Project("{FAE04EC0-301F-11D3-BF4B-00C04F79EFBC}") = "EnergyLoss", "EnergyLoss\EnergyLoss.csproj", "{D4F2C6AC-88C2-4045-A70C-4A7801DECB45}"
EndProject
Project("{FAE04EC0-301F-11D3-BF4B-00C04F79EFBC}") = "Cup", "Cup\Cup.csproj", "{038629CB-45D1-4B28-90FC-503B4F19D65E}"
EndProject
Project("{FAE04EC0-301F-11D3-BF4B-00C04F79EFBC}") = "GroupName", "GroupName\GroupName.csproj", "{3A65103E-5645-4E2B-BCFE-72AE1FF61982}"
EndProject
Project("{FAE04EC0-301F-11D3-BF4B-00C04F79EFBC}") = "TableCount", "TableCount\TableCount.csproj", "{B06D875A-3564-4439-80F8-691B6AB52B03}"
EndProject
Project("{FAE04EC0-301F-11D3-BF4B-00C04F79EFBC}") = "TailoringWorkshopAgain", "TailoringWorkshopAgain\TailoringWorkshopAgain.csproj", "{4611CBDB-9ED6-42B7-917C-704347A90F1F}"
EndProject
Project("{FAE04EC0-301F-11D3-BF4B-00C04F79EFBC}") = "ScholarshipAgain", "ScholarshipAgain\ScholarshipAgain.csproj", "{F5151D4C-17C6-4165-8D34-ECD727DFBFDB}"
EndProject
Project("{FAE04EC0-301F-11D3-BF4B-00C04F79EFBC}") = "PhotoPictures", "PhotoPictures\PhotoPictures.csproj", "{6FA90C41-3986-4978-95D2-40CB0282460A}"
EndProject
Project("{FAE04EC0-301F-11D3-BF4B-00C04F79EFBC}") = "CakeAgain", "CakeAgain\CakeAgain.csproj", "{A4B1037A-A745-4471-873E-2B14381FFFA9}"
EndProject
Global
	GlobalSection(SolutionConfigurationPlatforms) = preSolution
		Debug|Any CPU = Debug|Any CPU
		Release|Any CPU = Release|Any CPU
	EndGlobalSection
	GlobalSection(ProjectConfigurationPlatforms) = postSolution
		{C5B96231-3DCC-4A14-9B8D-63349F37E5F6}.Debug|Any CPU.ActiveCfg = Debug|Any CPU
		{C5B96231-3DCC-4A14-9B8D-63349F37E5F6}.Debug|Any CPU.Build.0 = Debug|Any CPU
		{C5B96231-3DCC-4A14-9B8D-63349F37E5F6}.Release|Any CPU.ActiveCfg = Release|Any CPU
		{C5B96231-3DCC-4A14-9B8D-63349F37E5F6}.Release|Any CPU.Build.0 = Release|Any CPU
		{D1C3ADF7-4DA2-483B-B100-625F7C13CEBD}.Debug|Any CPU.ActiveCfg = Debug|Any CPU
		{D1C3ADF7-4DA2-483B-B100-625F7C13CEBD}.Debug|Any CPU.Build.0 = Debug|Any CPU
		{D1C3ADF7-4DA2-483B-B100-625F7C13CEBD}.Release|Any CPU.ActiveCfg = Release|Any CPU
		{D1C3ADF7-4DA2-483B-B100-625F7C13CEBD}.Release|Any CPU.Build.0 = Release|Any CPU
		{5AD50309-EB30-45CB-B2E4-18E931AE1DA9}.Debug|Any CPU.ActiveCfg = Debug|Any CPU
		{5AD50309-EB30-45CB-B2E4-18E931AE1DA9}.Debug|Any CPU.Build.0 = Debug|Any CPU
		{5AD50309-EB30-45CB-B2E4-18E931AE1DA9}.Release|Any CPU.ActiveCfg = Release|Any CPU
		{5AD50309-EB30-45CB-B2E4-18E931AE1DA9}.Release|Any CPU.Build.0 = Release|Any CPU
		{24D758A2-E9C4-4A19-8742-0E3F1BDA4D21}.Debug|Any CPU.ActiveCfg = Debug|Any CPU
		{24D758A2-E9C4-4A19-8742-0E3F1BDA4D21}.Debug|Any CPU.Build.0 = Debug|Any CPU
		{24D758A2-E9C4-4A19-8742-0E3F1BDA4D21}.Release|Any CPU.ActiveCfg = Release|Any CPU
		{24D758A2-E9C4-4A19-8742-0E3F1BDA4D21}.Release|Any CPU.Build.0 = Release|Any CPU
		{07F2509E-C516-4089-AE83-21E704C0B896}.Debug|Any CPU.ActiveCfg = Debug|Any CPU
		{07F2509E-C516-4089-AE83-21E704C0B896}.Debug|Any CPU.Build.0 = Debug|Any CPU
		{07F2509E-C516-4089-AE83-21E704C0B896}.Release|Any CPU.ActiveCfg = Release|Any CPU
		{07F2509E-C516-4089-AE83-21E704C0B896}.Release|Any CPU.Build.0 = Release|Any CPU
		{918CC08C-D0A7-4D04-AB6F-9FA4F2CFCE0D}.Debug|Any CPU.ActiveCfg = Debug|Any CPU
		{918CC08C-D0A7-4D04-AB6F-9FA4F2CFCE0D}.Debug|Any CPU.Build.0 = Debug|Any CPU
		{918CC08C-D0A7-4D04-AB6F-9FA4F2CFCE0D}.Release|Any CPU.ActiveCfg = Release|Any CPU
		{918CC08C-D0A7-4D04-AB6F-9FA4F2CFCE0D}.Release|Any CPU.Build.0 = Release|Any CPU
		{D8EFEEC9-1FF5-46A3-8831-15BBF7CB19DC}.Debug|Any CPU.ActiveCfg = Debug|Any CPU
		{D8EFEEC9-1FF5-46A3-8831-15BBF7CB19DC}.Debug|Any CPU.Build.0 = Debug|Any CPU
		{D8EFEEC9-1FF5-46A3-8831-15BBF7CB19DC}.Release|Any CPU.ActiveCfg = Release|Any CPU
		{D8EFEEC9-1FF5-46A3-8831-15BBF7CB19DC}.Release|Any CPU.Build.0 = Release|Any CPU
		{5D25BC7F-110B-460D-8944-BA7E38B9D123}.Debug|Any CPU.ActiveCfg = Debug|Any CPU
		{5D25BC7F-110B-460D-8944-BA7E38B9D123}.Debug|Any CPU.Build.0 = Debug|Any CPU
		{5D25BC7F-110B-460D-8944-BA7E38B9D123}.Release|Any CPU.ActiveCfg = Release|Any CPU
		{5D25BC7F-110B-460D-8944-BA7E38B9D123}.Release|Any CPU.Build.0 = Release|Any CPU
		{527AF759-FB65-45F6-A857-0C577CF891F0}.Debug|Any CPU.ActiveCfg = Debug|Any CPU
		{527AF759-FB65-45F6-A857-0C577CF891F0}.Debug|Any CPU.Build.0 = Debug|Any CPU
		{527AF759-FB65-45F6-A857-0C577CF891F0}.Release|Any CPU.ActiveCfg = Release|Any CPU
		{527AF759-FB65-45F6-A857-0C577CF891F0}.Release|Any CPU.Build.0 = Release|Any CPU
		{B6ECD549-30DF-4E7E-BE31-5DB44B7550BD}.Debug|Any CPU.ActiveCfg = Debug|Any CPU
		{B6ECD549-30DF-4E7E-BE31-5DB44B7550BD}.Debug|Any CPU.Build.0 = Debug|Any CPU
		{B6ECD549-30DF-4E7E-BE31-5DB44B7550BD}.Release|Any CPU.ActiveCfg = Release|Any CPU
		{B6ECD549-30DF-4E7E-BE31-5DB44B7550BD}.Release|Any CPU.Build.0 = Release|Any CPU
		{4C198338-EA7D-48CB-AEDE-82244B949DC4}.Debug|Any CPU.ActiveCfg = Debug|Any CPU
		{4C198338-EA7D-48CB-AEDE-82244B949DC4}.Debug|Any CPU.Build.0 = Debug|Any CPU
		{4C198338-EA7D-48CB-AEDE-82244B949DC4}.Release|Any CPU.ActiveCfg = Release|Any CPU
		{4C198338-EA7D-48CB-AEDE-82244B949DC4}.Release|Any CPU.Build.0 = Release|Any CPU
		{E1448F42-0656-481F-B61E-CB0F090C9AED}.Debug|Any CPU.ActiveCfg = Debug|Any CPU
		{E1448F42-0656-481F-B61E-CB0F090C9AED}.Debug|Any CPU.Build.0 = Debug|Any CPU
		{E1448F42-0656-481F-B61E-CB0F090C9AED}.Release|Any CPU.ActiveCfg = Release|Any CPU
		{E1448F42-0656-481F-B61E-CB0F090C9AED}.Release|Any CPU.Build.0 = Release|Any CPU
		{7053EB5C-9356-4995-9E96-5BAAF10082AC}.Debug|Any CPU.ActiveCfg = Debug|Any CPU
		{7053EB5C-9356-4995-9E96-5BAAF10082AC}.Debug|Any CPU.Build.0 = Debug|Any CPU
		{7053EB5C-9356-4995-9E96-5BAAF10082AC}.Release|Any CPU.ActiveCfg = Release|Any CPU
		{7053EB5C-9356-4995-9E96-5BAAF10082AC}.Release|Any CPU.Build.0 = Release|Any CPU
		{D19CD5CD-AB3A-46AA-B6D9-9E32791CCD0E}.Debug|Any CPU.ActiveCfg = Debug|Any CPU
		{D19CD5CD-AB3A-46AA-B6D9-9E32791CCD0E}.Debug|Any CPU.Build.0 = Debug|Any CPU
		{D19CD5CD-AB3A-46AA-B6D9-9E32791CCD0E}.Release|Any CPU.ActiveCfg = Release|Any CPU
		{D19CD5CD-AB3A-46AA-B6D9-9E32791CCD0E}.Release|Any CPU.Build.0 = Release|Any CPU
		{07A6F964-A810-4466-ACFF-B401834164F9}.Debug|Any CPU.ActiveCfg = Debug|Any CPU
		{07A6F964-A810-4466-ACFF-B401834164F9}.Debug|Any CPU.Build.0 = Debug|Any CPU
		{07A6F964-A810-4466-ACFF-B401834164F9}.Release|Any CPU.ActiveCfg = Release|Any CPU
		{07A6F964-A810-4466-ACFF-B401834164F9}.Release|Any CPU.Build.0 = Release|Any CPU
		{6230D9FF-DD7A-4B7A-AC6E-72DFD827EC84}.Debug|Any CPU.ActiveCfg = Debug|Any CPU
		{6230D9FF-DD7A-4B7A-AC6E-72DFD827EC84}.Debug|Any CPU.Build.0 = Debug|Any CPU
		{6230D9FF-DD7A-4B7A-AC6E-72DFD827EC84}.Release|Any CPU.ActiveCfg = Release|Any CPU
		{6230D9FF-DD7A-4B7A-AC6E-72DFD827EC84}.Release|Any CPU.Build.0 = Release|Any CPU
		{98F60A07-9C9A-4E9C-BEC3-3016457D2BCE}.Debug|Any CPU.ActiveCfg = Debug|Any CPU
		{98F60A07-9C9A-4E9C-BEC3-3016457D2BCE}.Debug|Any CPU.Build.0 = Debug|Any CPU
		{98F60A07-9C9A-4E9C-BEC3-3016457D2BCE}.Release|Any CPU.ActiveCfg = Release|Any CPU
		{98F60A07-9C9A-4E9C-BEC3-3016457D2BCE}.Release|Any CPU.Build.0 = Release|Any CPU
		{C07DC20B-BAD2-4B98-AC78-8DAA4B101611}.Debug|Any CPU.ActiveCfg = Debug|Any CPU
		{C07DC20B-BAD2-4B98-AC78-8DAA4B101611}.Debug|Any CPU.Build.0 = Debug|Any CPU
		{C07DC20B-BAD2-4B98-AC78-8DAA4B101611}.Release|Any CPU.ActiveCfg = Release|Any CPU
		{C07DC20B-BAD2-4B98-AC78-8DAA4B101611}.Release|Any CPU.Build.0 = Release|Any CPU
		{AA5B7EA1-707F-4E40-87A4-7CB82D8A5E81}.Debug|Any CPU.ActiveCfg = Debug|Any CPU
		{AA5B7EA1-707F-4E40-87A4-7CB82D8A5E81}.Debug|Any CPU.Build.0 = Debug|Any CPU
		{AA5B7EA1-707F-4E40-87A4-7CB82D8A5E81}.Release|Any CPU.ActiveCfg = Release|Any CPU
		{AA5B7EA1-707F-4E40-87A4-7CB82D8A5E81}.Release|Any CPU.Build.0 = Release|Any CPU
		{B61C7003-4561-4D5B-9FD3-3379EB7CDB99}.Debug|Any CPU.ActiveCfg = Debug|Any CPU
		{B61C7003-4561-4D5B-9FD3-3379EB7CDB99}.Debug|Any CPU.Build.0 = Debug|Any CPU
		{B61C7003-4561-4D5B-9FD3-3379EB7CDB99}.Release|Any CPU.ActiveCfg = Release|Any CPU
		{B61C7003-4561-4D5B-9FD3-3379EB7CDB99}.Release|Any CPU.Build.0 = Release|Any CPU
		{952B5AAB-4B69-467C-8238-AB5D61AAE653}.Debug|Any CPU.ActiveCfg = Debug|Any CPU
		{952B5AAB-4B69-467C-8238-AB5D61AAE653}.Debug|Any CPU.Build.0 = Debug|Any CPU
		{952B5AAB-4B69-467C-8238-AB5D61AAE653}.Release|Any CPU.ActiveCfg = Release|Any CPU
		{952B5AAB-4B69-467C-8238-AB5D61AAE653}.Release|Any CPU.Build.0 = Release|Any CPU
		{0F0AE9EB-0246-4042-8FD5-333C82F59E47}.Debug|Any CPU.ActiveCfg = Debug|Any CPU
		{0F0AE9EB-0246-4042-8FD5-333C82F59E47}.Debug|Any CPU.Build.0 = Debug|Any CPU
		{0F0AE9EB-0246-4042-8FD5-333C82F59E47}.Release|Any CPU.ActiveCfg = Release|Any CPU
		{0F0AE9EB-0246-4042-8FD5-333C82F59E47}.Release|Any CPU.Build.0 = Release|Any CPU
		{3B0F0094-896D-4659-8814-C3CBAB75A93D}.Debug|Any CPU.ActiveCfg = Debug|Any CPU
		{3B0F0094-896D-4659-8814-C3CBAB75A93D}.Debug|Any CPU.Build.0 = Debug|Any CPU
		{3B0F0094-896D-4659-8814-C3CBAB75A93D}.Release|Any CPU.ActiveCfg = Release|Any CPU
		{3B0F0094-896D-4659-8814-C3CBAB75A93D}.Release|Any CPU.Build.0 = Release|Any CPU
		{D5833F1D-AE6F-4EDE-8E7B-EB7BBCBA1D21}.Debug|Any CPU.ActiveCfg = Debug|Any CPU
		{D5833F1D-AE6F-4EDE-8E7B-EB7BBCBA1D21}.Debug|Any CPU.Build.0 = Debug|Any CPU
		{D5833F1D-AE6F-4EDE-8E7B-EB7BBCBA1D21}.Release|Any CPU.ActiveCfg = Release|Any CPU
		{D5833F1D-AE6F-4EDE-8E7B-EB7BBCBA1D21}.Release|Any CPU.Build.0 = Release|Any CPU
		{AAF8199C-1160-4231-9A61-10123493A53C}.Debug|Any CPU.ActiveCfg = Debug|Any CPU
		{AAF8199C-1160-4231-9A61-10123493A53C}.Debug|Any CPU.Build.0 = Debug|Any CPU
		{AAF8199C-1160-4231-9A61-10123493A53C}.Release|Any CPU.ActiveCfg = Release|Any CPU
		{AAF8199C-1160-4231-9A61-10123493A53C}.Release|Any CPU.Build.0 = Release|Any CPU
		{570B8732-6046-475D-A68A-07AF3D116D59}.Debug|Any CPU.ActiveCfg = Debug|Any CPU
		{570B8732-6046-475D-A68A-07AF3D116D59}.Debug|Any CPU.Build.0 = Debug|Any CPU
		{570B8732-6046-475D-A68A-07AF3D116D59}.Release|Any CPU.ActiveCfg = Release|Any CPU
		{570B8732-6046-475D-A68A-07AF3D116D59}.Release|Any CPU.Build.0 = Release|Any CPU
		{051F6B3C-C4AD-4520-886A-CCBE922FD335}.Debug|Any CPU.ActiveCfg = Debug|Any CPU
		{051F6B3C-C4AD-4520-886A-CCBE922FD335}.Debug|Any CPU.Build.0 = Debug|Any CPU
		{051F6B3C-C4AD-4520-886A-CCBE922FD335}.Release|Any CPU.ActiveCfg = Release|Any CPU
		{051F6B3C-C4AD-4520-886A-CCBE922FD335}.Release|Any CPU.Build.0 = Release|Any CPU
		{1C90E50C-4C34-4096-BEFB-32B613F56E16}.Debug|Any CPU.ActiveCfg = Debug|Any CPU
		{1C90E50C-4C34-4096-BEFB-32B613F56E16}.Debug|Any CPU.Build.0 = Debug|Any CPU
		{1C90E50C-4C34-4096-BEFB-32B613F56E16}.Release|Any CPU.ActiveCfg = Release|Any CPU
		{1C90E50C-4C34-4096-BEFB-32B613F56E16}.Release|Any CPU.Build.0 = Release|Any CPU
		{9A230BB9-3AF5-433A-9CEB-769633A5E9DD}.Debug|Any CPU.ActiveCfg = Debug|Any CPU
		{9A230BB9-3AF5-433A-9CEB-769633A5E9DD}.Debug|Any CPU.Build.0 = Debug|Any CPU
		{9A230BB9-3AF5-433A-9CEB-769633A5E9DD}.Release|Any CPU.ActiveCfg = Release|Any CPU
		{9A230BB9-3AF5-433A-9CEB-769633A5E9DD}.Release|Any CPU.Build.0 = Release|Any CPU
		{FEDAF009-09C7-4F5B-9EAC-F5FF0F529602}.Debug|Any CPU.ActiveCfg = Debug|Any CPU
		{FEDAF009-09C7-4F5B-9EAC-F5FF0F529602}.Debug|Any CPU.Build.0 = Debug|Any CPU
		{FEDAF009-09C7-4F5B-9EAC-F5FF0F529602}.Release|Any CPU.ActiveCfg = Release|Any CPU
		{FEDAF009-09C7-4F5B-9EAC-F5FF0F529602}.Release|Any CPU.Build.0 = Release|Any CPU
		{5DDDE902-424A-4073-A8DF-BDACF65DEA4E}.Debug|Any CPU.ActiveCfg = Debug|Any CPU
		{5DDDE902-424A-4073-A8DF-BDACF65DEA4E}.Debug|Any CPU.Build.0 = Debug|Any CPU
		{5DDDE902-424A-4073-A8DF-BDACF65DEA4E}.Release|Any CPU.ActiveCfg = Release|Any CPU
		{5DDDE902-424A-4073-A8DF-BDACF65DEA4E}.Release|Any CPU.Build.0 = Release|Any CPU
		{328BF022-7692-4C02-A178-C09817E93337}.Debug|Any CPU.ActiveCfg = Debug|Any CPU
		{328BF022-7692-4C02-A178-C09817E93337}.Debug|Any CPU.Build.0 = Debug|Any CPU
		{328BF022-7692-4C02-A178-C09817E93337}.Release|Any CPU.ActiveCfg = Release|Any CPU
		{328BF022-7692-4C02-A178-C09817E93337}.Release|Any CPU.Build.0 = Release|Any CPU
		{CF57F6AE-D11A-4F39-B9DA-49B0F63D4233}.Debug|Any CPU.ActiveCfg = Debug|Any CPU
		{CF57F6AE-D11A-4F39-B9DA-49B0F63D4233}.Debug|Any CPU.Build.0 = Debug|Any CPU
		{CF57F6AE-D11A-4F39-B9DA-49B0F63D4233}.Release|Any CPU.ActiveCfg = Release|Any CPU
		{CF57F6AE-D11A-4F39-B9DA-49B0F63D4233}.Release|Any CPU.Build.0 = Release|Any CPU
		{39C7859B-1F39-4B78-9E19-FEE8B27FDEC0}.Debug|Any CPU.ActiveCfg = Debug|Any CPU
		{39C7859B-1F39-4B78-9E19-FEE8B27FDEC0}.Debug|Any CPU.Build.0 = Debug|Any CPU
		{39C7859B-1F39-4B78-9E19-FEE8B27FDEC0}.Release|Any CPU.ActiveCfg = Release|Any CPU
		{39C7859B-1F39-4B78-9E19-FEE8B27FDEC0}.Release|Any CPU.Build.0 = Release|Any CPU
		{D08C0860-4395-47D7-8238-74C8708E99D3}.Debug|Any CPU.ActiveCfg = Debug|Any CPU
		{D08C0860-4395-47D7-8238-74C8708E99D3}.Debug|Any CPU.Build.0 = Debug|Any CPU
		{D08C0860-4395-47D7-8238-74C8708E99D3}.Release|Any CPU.ActiveCfg = Release|Any CPU
		{D08C0860-4395-47D7-8238-74C8708E99D3}.Release|Any CPU.Build.0 = Release|Any CPU
		{B69CE474-D136-4CA3-9255-DFA3DDA5270D}.Debug|Any CPU.ActiveCfg = Debug|Any CPU
		{B69CE474-D136-4CA3-9255-DFA3DDA5270D}.Debug|Any CPU.Build.0 = Debug|Any CPU
		{B69CE474-D136-4CA3-9255-DFA3DDA5270D}.Release|Any CPU.ActiveCfg = Release|Any CPU
		{B69CE474-D136-4CA3-9255-DFA3DDA5270D}.Release|Any CPU.Build.0 = Release|Any CPU
		{38FE9CFB-9A7E-47C0-A781-926F27D0F0D9}.Debug|Any CPU.ActiveCfg = Debug|Any CPU
		{38FE9CFB-9A7E-47C0-A781-926F27D0F0D9}.Debug|Any CPU.Build.0 = Debug|Any CPU
		{38FE9CFB-9A7E-47C0-A781-926F27D0F0D9}.Release|Any CPU.ActiveCfg = Release|Any CPU
		{38FE9CFB-9A7E-47C0-A781-926F27D0F0D9}.Release|Any CPU.Build.0 = Release|Any CPU
		{0B4A9BE7-0CED-4738-BCF9-92B357AF4C5B}.Debug|Any CPU.ActiveCfg = Debug|Any CPU
		{0B4A9BE7-0CED-4738-BCF9-92B357AF4C5B}.Debug|Any CPU.Build.0 = Debug|Any CPU
		{0B4A9BE7-0CED-4738-BCF9-92B357AF4C5B}.Release|Any CPU.ActiveCfg = Release|Any CPU
		{0B4A9BE7-0CED-4738-BCF9-92B357AF4C5B}.Release|Any CPU.Build.0 = Release|Any CPU
		{6ECD8A42-D1C6-43EA-8676-20B067A6A915}.Debug|Any CPU.ActiveCfg = Debug|Any CPU
		{6ECD8A42-D1C6-43EA-8676-20B067A6A915}.Debug|Any CPU.Build.0 = Debug|Any CPU
		{6ECD8A42-D1C6-43EA-8676-20B067A6A915}.Release|Any CPU.ActiveCfg = Release|Any CPU
		{6ECD8A42-D1C6-43EA-8676-20B067A6A915}.Release|Any CPU.Build.0 = Release|Any CPU
		{1D1D3B48-D59A-4B33-B4ED-62AEE06B0F31}.Debug|Any CPU.ActiveCfg = Debug|Any CPU
		{1D1D3B48-D59A-4B33-B4ED-62AEE06B0F31}.Debug|Any CPU.Build.0 = Debug|Any CPU
		{1D1D3B48-D59A-4B33-B4ED-62AEE06B0F31}.Release|Any CPU.ActiveCfg = Release|Any CPU
		{1D1D3B48-D59A-4B33-B4ED-62AEE06B0F31}.Release|Any CPU.Build.0 = Release|Any CPU
		{A492936B-3302-487A-B9F8-E01A0D467193}.Debug|Any CPU.ActiveCfg = Debug|Any CPU
		{A492936B-3302-487A-B9F8-E01A0D467193}.Debug|Any CPU.Build.0 = Debug|Any CPU
		{A492936B-3302-487A-B9F8-E01A0D467193}.Release|Any CPU.ActiveCfg = Release|Any CPU
		{A492936B-3302-487A-B9F8-E01A0D467193}.Release|Any CPU.Build.0 = Release|Any CPU
		{A1BE5937-4FCA-47EE-91E3-69ED1CBE7D23}.Debug|Any CPU.ActiveCfg = Debug|Any CPU
		{A1BE5937-4FCA-47EE-91E3-69ED1CBE7D23}.Debug|Any CPU.Build.0 = Debug|Any CPU
		{A1BE5937-4FCA-47EE-91E3-69ED1CBE7D23}.Release|Any CPU.ActiveCfg = Release|Any CPU
		{A1BE5937-4FCA-47EE-91E3-69ED1CBE7D23}.Release|Any CPU.Build.0 = Release|Any CPU
		{D5FE2668-2F5E-4AE3-8630-02AEEECB9571}.Debug|Any CPU.ActiveCfg = Debug|Any CPU
		{D5FE2668-2F5E-4AE3-8630-02AEEECB9571}.Debug|Any CPU.Build.0 = Debug|Any CPU
		{D5FE2668-2F5E-4AE3-8630-02AEEECB9571}.Release|Any CPU.ActiveCfg = Release|Any CPU
		{D5FE2668-2F5E-4AE3-8630-02AEEECB9571}.Release|Any CPU.Build.0 = Release|Any CPU
		{17D94484-8873-4D8F-A9D2-74F9DB81612C}.Debug|Any CPU.ActiveCfg = Debug|Any CPU
		{17D94484-8873-4D8F-A9D2-74F9DB81612C}.Debug|Any CPU.Build.0 = Debug|Any CPU
		{17D94484-8873-4D8F-A9D2-74F9DB81612C}.Release|Any CPU.ActiveCfg = Release|Any CPU
		{17D94484-8873-4D8F-A9D2-74F9DB81612C}.Release|Any CPU.Build.0 = Release|Any CPU
		{BC129595-4A4D-4BB7-BBAC-45455FF4D8CD}.Debug|Any CPU.ActiveCfg = Debug|Any CPU
		{BC129595-4A4D-4BB7-BBAC-45455FF4D8CD}.Debug|Any CPU.Build.0 = Debug|Any CPU
		{BC129595-4A4D-4BB7-BBAC-45455FF4D8CD}.Release|Any CPU.ActiveCfg = Release|Any CPU
		{BC129595-4A4D-4BB7-BBAC-45455FF4D8CD}.Release|Any CPU.Build.0 = Release|Any CPU
		{F46365C3-D5AE-4E34-8428-984C52865F5B}.Debug|Any CPU.ActiveCfg = Debug|Any CPU
		{F46365C3-D5AE-4E34-8428-984C52865F5B}.Debug|Any CPU.Build.0 = Debug|Any CPU
		{F46365C3-D5AE-4E34-8428-984C52865F5B}.Release|Any CPU.ActiveCfg = Release|Any CPU
		{F46365C3-D5AE-4E34-8428-984C52865F5B}.Release|Any CPU.Build.0 = Release|Any CPU
		{9A959268-99C3-4FE4-9B0D-D1D455A9E836}.Debug|Any CPU.ActiveCfg = Debug|Any CPU
		{9A959268-99C3-4FE4-9B0D-D1D455A9E836}.Debug|Any CPU.Build.0 = Debug|Any CPU
		{9A959268-99C3-4FE4-9B0D-D1D455A9E836}.Release|Any CPU.ActiveCfg = Release|Any CPU
		{9A959268-99C3-4FE4-9B0D-D1D455A9E836}.Release|Any CPU.Build.0 = Release|Any CPU
		{8CC76B81-B6AF-4DAB-B17C-698808F5D647}.Debug|Any CPU.ActiveCfg = Debug|Any CPU
		{8CC76B81-B6AF-4DAB-B17C-698808F5D647}.Debug|Any CPU.Build.0 = Debug|Any CPU
		{8CC76B81-B6AF-4DAB-B17C-698808F5D647}.Release|Any CPU.ActiveCfg = Release|Any CPU
		{8CC76B81-B6AF-4DAB-B17C-698808F5D647}.Release|Any CPU.Build.0 = Release|Any CPU
		{7D126181-5637-4F8F-962F-A398CD0F4208}.Debug|Any CPU.ActiveCfg = Debug|Any CPU
		{7D126181-5637-4F8F-962F-A398CD0F4208}.Debug|Any CPU.Build.0 = Debug|Any CPU
		{7D126181-5637-4F8F-962F-A398CD0F4208}.Release|Any CPU.ActiveCfg = Release|Any CPU
		{7D126181-5637-4F8F-962F-A398CD0F4208}.Release|Any CPU.Build.0 = Release|Any CPU
		{724AD9DE-1104-4557-9050-4ECEAE268394}.Debug|Any CPU.ActiveCfg = Debug|Any CPU
		{724AD9DE-1104-4557-9050-4ECEAE268394}.Debug|Any CPU.Build.0 = Debug|Any CPU
		{724AD9DE-1104-4557-9050-4ECEAE268394}.Release|Any CPU.ActiveCfg = Release|Any CPU
		{724AD9DE-1104-4557-9050-4ECEAE268394}.Release|Any CPU.Build.0 = Release|Any CPU
		{CC97AD70-371B-4F4E-8642-C4B2A7D1CA8D}.Debug|Any CPU.ActiveCfg = Debug|Any CPU
		{CC97AD70-371B-4F4E-8642-C4B2A7D1CA8D}.Debug|Any CPU.Build.0 = Debug|Any CPU
		{CC97AD70-371B-4F4E-8642-C4B2A7D1CA8D}.Release|Any CPU.ActiveCfg = Release|Any CPU
		{CC97AD70-371B-4F4E-8642-C4B2A7D1CA8D}.Release|Any CPU.Build.0 = Release|Any CPU
		{49DD88CB-6052-465A-8D09-7ED7CC89312B}.Debug|Any CPU.ActiveCfg = Debug|Any CPU
		{49DD88CB-6052-465A-8D09-7ED7CC89312B}.Debug|Any CPU.Build.0 = Debug|Any CPU
		{49DD88CB-6052-465A-8D09-7ED7CC89312B}.Release|Any CPU.ActiveCfg = Release|Any CPU
		{49DD88CB-6052-465A-8D09-7ED7CC89312B}.Release|Any CPU.Build.0 = Release|Any CPU
		{DC4D986A-593D-4E8A-9EF2-CF79955080FF}.Debug|Any CPU.ActiveCfg = Debug|Any CPU
		{DC4D986A-593D-4E8A-9EF2-CF79955080FF}.Debug|Any CPU.Build.0 = Debug|Any CPU
		{DC4D986A-593D-4E8A-9EF2-CF79955080FF}.Release|Any CPU.ActiveCfg = Release|Any CPU
		{DC4D986A-593D-4E8A-9EF2-CF79955080FF}.Release|Any CPU.Build.0 = Release|Any CPU
		{F61B279C-898B-4BFA-8812-07B642C002BF}.Debug|Any CPU.ActiveCfg = Debug|Any CPU
		{F61B279C-898B-4BFA-8812-07B642C002BF}.Debug|Any CPU.Build.0 = Debug|Any CPU
		{F61B279C-898B-4BFA-8812-07B642C002BF}.Release|Any CPU.ActiveCfg = Release|Any CPU
		{F61B279C-898B-4BFA-8812-07B642C002BF}.Release|Any CPU.Build.0 = Release|Any CPU
		{F1EDACC6-2236-459B-9719-377CCD942163}.Debug|Any CPU.ActiveCfg = Debug|Any CPU
		{F1EDACC6-2236-459B-9719-377CCD942163}.Debug|Any CPU.Build.0 = Debug|Any CPU
		{F1EDACC6-2236-459B-9719-377CCD942163}.Release|Any CPU.ActiveCfg = Release|Any CPU
		{F1EDACC6-2236-459B-9719-377CCD942163}.Release|Any CPU.Build.0 = Release|Any CPU
		{074FD270-3285-4CCA-8C6E-F542B7C9F550}.Debug|Any CPU.ActiveCfg = Debug|Any CPU
		{074FD270-3285-4CCA-8C6E-F542B7C9F550}.Debug|Any CPU.Build.0 = Debug|Any CPU
		{074FD270-3285-4CCA-8C6E-F542B7C9F550}.Release|Any CPU.ActiveCfg = Release|Any CPU
		{074FD270-3285-4CCA-8C6E-F542B7C9F550}.Release|Any CPU.Build.0 = Release|Any CPU
		{C24F720D-69BF-45D5-9B40-61FD3A06F75C}.Debug|Any CPU.ActiveCfg = Debug|Any CPU
		{C24F720D-69BF-45D5-9B40-61FD3A06F75C}.Debug|Any CPU.Build.0 = Debug|Any CPU
		{C24F720D-69BF-45D5-9B40-61FD3A06F75C}.Release|Any CPU.ActiveCfg = Release|Any CPU
		{C24F720D-69BF-45D5-9B40-61FD3A06F75C}.Release|Any CPU.Build.0 = Release|Any CPU
		{CBF5CE4D-B566-425F-8F9E-587F76304663}.Debug|Any CPU.ActiveCfg = Debug|Any CPU
		{CBF5CE4D-B566-425F-8F9E-587F76304663}.Debug|Any CPU.Build.0 = Debug|Any CPU
		{CBF5CE4D-B566-425F-8F9E-587F76304663}.Release|Any CPU.ActiveCfg = Release|Any CPU
		{CBF5CE4D-B566-425F-8F9E-587F76304663}.Release|Any CPU.Build.0 = Release|Any CPU
		{73725468-A9B2-49DB-B3B1-EF705F61C4EB}.Debug|Any CPU.ActiveCfg = Debug|Any CPU
		{73725468-A9B2-49DB-B3B1-EF705F61C4EB}.Debug|Any CPU.Build.0 = Debug|Any CPU
		{73725468-A9B2-49DB-B3B1-EF705F61C4EB}.Release|Any CPU.ActiveCfg = Release|Any CPU
		{73725468-A9B2-49DB-B3B1-EF705F61C4EB}.Release|Any CPU.Build.0 = Release|Any CPU
		{67AFCB06-04FD-42E5-87C8-4C849828038B}.Debug|Any CPU.ActiveCfg = Debug|Any CPU
		{67AFCB06-04FD-42E5-87C8-4C849828038B}.Debug|Any CPU.Build.0 = Debug|Any CPU
		{67AFCB06-04FD-42E5-87C8-4C849828038B}.Release|Any CPU.ActiveCfg = Release|Any CPU
		{67AFCB06-04FD-42E5-87C8-4C849828038B}.Release|Any CPU.Build.0 = Release|Any CPU
		{8EDF96FB-B36C-4923-BA0F-7332CC7F7405}.Debug|Any CPU.ActiveCfg = Debug|Any CPU
		{8EDF96FB-B36C-4923-BA0F-7332CC7F7405}.Debug|Any CPU.Build.0 = Debug|Any CPU
		{8EDF96FB-B36C-4923-BA0F-7332CC7F7405}.Release|Any CPU.ActiveCfg = Release|Any CPU
		{8EDF96FB-B36C-4923-BA0F-7332CC7F7405}.Release|Any CPU.Build.0 = Release|Any CPU
		{CF0F976C-F525-4856-96CC-32501CB039DD}.Debug|Any CPU.ActiveCfg = Debug|Any CPU
		{CF0F976C-F525-4856-96CC-32501CB039DD}.Debug|Any CPU.Build.0 = Debug|Any CPU
		{CF0F976C-F525-4856-96CC-32501CB039DD}.Release|Any CPU.ActiveCfg = Release|Any CPU
		{CF0F976C-F525-4856-96CC-32501CB039DD}.Release|Any CPU.Build.0 = Release|Any CPU
		{137642B2-F74C-4B20-8470-2DE534A1F6EA}.Debug|Any CPU.ActiveCfg = Debug|Any CPU
		{137642B2-F74C-4B20-8470-2DE534A1F6EA}.Debug|Any CPU.Build.0 = Debug|Any CPU
		{137642B2-F74C-4B20-8470-2DE534A1F6EA}.Release|Any CPU.ActiveCfg = Release|Any CPU
		{137642B2-F74C-4B20-8470-2DE534A1F6EA}.Release|Any CPU.Build.0 = Release|Any CPU
		{07F4A460-8368-4B34-AC22-306C318FA53E}.Debug|Any CPU.ActiveCfg = Debug|Any CPU
		{07F4A460-8368-4B34-AC22-306C318FA53E}.Debug|Any CPU.Build.0 = Debug|Any CPU
		{07F4A460-8368-4B34-AC22-306C318FA53E}.Release|Any CPU.ActiveCfg = Release|Any CPU
		{07F4A460-8368-4B34-AC22-306C318FA53E}.Release|Any CPU.Build.0 = Release|Any CPU
		{DF54BCE8-23EC-4F9A-A149-44C6F9D33637}.Debug|Any CPU.ActiveCfg = Debug|Any CPU
		{DF54BCE8-23EC-4F9A-A149-44C6F9D33637}.Debug|Any CPU.Build.0 = Debug|Any CPU
		{DF54BCE8-23EC-4F9A-A149-44C6F9D33637}.Release|Any CPU.ActiveCfg = Release|Any CPU
		{DF54BCE8-23EC-4F9A-A149-44C6F9D33637}.Release|Any CPU.Build.0 = Release|Any CPU
		{21A1E8C5-7DDB-4003-A2EF-E922EBDB4E3E}.Debug|Any CPU.ActiveCfg = Debug|Any CPU
		{21A1E8C5-7DDB-4003-A2EF-E922EBDB4E3E}.Debug|Any CPU.Build.0 = Debug|Any CPU
		{21A1E8C5-7DDB-4003-A2EF-E922EBDB4E3E}.Release|Any CPU.ActiveCfg = Release|Any CPU
		{21A1E8C5-7DDB-4003-A2EF-E922EBDB4E3E}.Release|Any CPU.Build.0 = Release|Any CPU
		{D4F2C6AC-88C2-4045-A70C-4A7801DECB45}.Debug|Any CPU.ActiveCfg = Debug|Any CPU
		{D4F2C6AC-88C2-4045-A70C-4A7801DECB45}.Debug|Any CPU.Build.0 = Debug|Any CPU
		{D4F2C6AC-88C2-4045-A70C-4A7801DECB45}.Release|Any CPU.ActiveCfg = Release|Any CPU
		{D4F2C6AC-88C2-4045-A70C-4A7801DECB45}.Release|Any CPU.Build.0 = Release|Any CPU
		{038629CB-45D1-4B28-90FC-503B4F19D65E}.Debug|Any CPU.ActiveCfg = Debug|Any CPU
		{038629CB-45D1-4B28-90FC-503B4F19D65E}.Debug|Any CPU.Build.0 = Debug|Any CPU
		{038629CB-45D1-4B28-90FC-503B4F19D65E}.Release|Any CPU.ActiveCfg = Release|Any CPU
		{038629CB-45D1-4B28-90FC-503B4F19D65E}.Release|Any CPU.Build.0 = Release|Any CPU
		{3A65103E-5645-4E2B-BCFE-72AE1FF61982}.Debug|Any CPU.ActiveCfg = Debug|Any CPU
		{3A65103E-5645-4E2B-BCFE-72AE1FF61982}.Debug|Any CPU.Build.0 = Debug|Any CPU
		{3A65103E-5645-4E2B-BCFE-72AE1FF61982}.Release|Any CPU.ActiveCfg = Release|Any CPU
		{3A65103E-5645-4E2B-BCFE-72AE1FF61982}.Release|Any CPU.Build.0 = Release|Any CPU
		{B06D875A-3564-4439-80F8-691B6AB52B03}.Debug|Any CPU.ActiveCfg = Debug|Any CPU
		{B06D875A-3564-4439-80F8-691B6AB52B03}.Debug|Any CPU.Build.0 = Debug|Any CPU
		{B06D875A-3564-4439-80F8-691B6AB52B03}.Release|Any CPU.ActiveCfg = Release|Any CPU
		{B06D875A-3564-4439-80F8-691B6AB52B03}.Release|Any CPU.Build.0 = Release|Any CPU
		{4611CBDB-9ED6-42B7-917C-704347A90F1F}.Debug|Any CPU.ActiveCfg = Debug|Any CPU
		{4611CBDB-9ED6-42B7-917C-704347A90F1F}.Debug|Any CPU.Build.0 = Debug|Any CPU
		{4611CBDB-9ED6-42B7-917C-704347A90F1F}.Release|Any CPU.ActiveCfg = Release|Any CPU
		{4611CBDB-9ED6-42B7-917C-704347A90F1F}.Release|Any CPU.Build.0 = Release|Any CPU
		{F5151D4C-17C6-4165-8D34-ECD727DFBFDB}.Debug|Any CPU.ActiveCfg = Debug|Any CPU
		{F5151D4C-17C6-4165-8D34-ECD727DFBFDB}.Debug|Any CPU.Build.0 = Debug|Any CPU
		{F5151D4C-17C6-4165-8D34-ECD727DFBFDB}.Release|Any CPU.ActiveCfg = Release|Any CPU
		{F5151D4C-17C6-4165-8D34-ECD727DFBFDB}.Release|Any CPU.Build.0 = Release|Any CPU
		{6FA90C41-3986-4978-95D2-40CB0282460A}.Debug|Any CPU.ActiveCfg = Debug|Any CPU
		{6FA90C41-3986-4978-95D2-40CB0282460A}.Debug|Any CPU.Build.0 = Debug|Any CPU
		{6FA90C41-3986-4978-95D2-40CB0282460A}.Release|Any CPU.ActiveCfg = Release|Any CPU
		{6FA90C41-3986-4978-95D2-40CB0282460A}.Release|Any CPU.Build.0 = Release|Any CPU
		{A4B1037A-A745-4471-873E-2B14381FFFA9}.Debug|Any CPU.ActiveCfg = Debug|Any CPU
		{A4B1037A-A745-4471-873E-2B14381FFFA9}.Debug|Any CPU.Build.0 = Debug|Any CPU
		{A4B1037A-A745-4471-873E-2B14381FFFA9}.Release|Any CPU.ActiveCfg = Release|Any CPU
		{A4B1037A-A745-4471-873E-2B14381FFFA9}.Release|Any CPU.Build.0 = Release|Any CPU
	EndGlobalSection
	GlobalSection(SolutionProperties) = preSolution
		HideSolutionNode = FALSE
	EndGlobalSection
EndGlobal
